// !$*UTF8*$!
{
	archiveVersion = 1;
	classes = {
	};
	objectVersion = 46;
	objects = {

/* Begin PBXBuildFile section */
		7FDC05A91E235C2100D8D39D /* AppDelegate.swift in Sources */ = {isa = PBXBuildFile; fileRef = 7FDC05A81E235C2100D8D39D /* AppDelegate.swift */; };
		7FDC05AB1E235C2100D8D39D /* ViewController.swift in Sources */ = {isa = PBXBuildFile; fileRef = 7FDC05AA1E235C2100D8D39D /* ViewController.swift */; };
		7FDC05AE1E235C2100D8D39D /* Main.storyboard in Resources */ = {isa = PBXBuildFile; fileRef = 7FDC05AC1E235C2100D8D39D /* Main.storyboard */; };
		7FDC05B01E235C2100D8D39D /* Assets.xcassets in Resources */ = {isa = PBXBuildFile; fileRef = 7FDC05AF1E235C2100D8D39D /* Assets.xcassets */; };
		7FDC05B31E235C2100D8D39D /* LaunchScreen.storyboard in Resources */ = {isa = PBXBuildFile; fileRef = 7FDC05B11E235C2100D8D39D /* LaunchScreen.storyboard */; };
		7FDC05BB1E235D3F00D8D39D /* DetailViewController.swift in Sources */ = {isa = PBXBuildFile; fileRef = 7FDC05BA1E235D3F00D8D39D /* DetailViewController.swift */; };
/* End PBXBuildFile section */

/* Begin PBXFileReference section */
		7FDC05A51E235C2100D8D39D /* multiScene naviBasedApp.app */ = {isa = PBXFileReference; explicitFileType = wrapper.application; includeInIndex = 0; path = "multiScene naviBasedApp.app"; sourceTree = BUILT_PRODUCTS_DIR; };
		7FDC05A81E235C2100D8D39D /* AppDelegate.swift */ = {isa = PBXFileReference; lastKnownFileType = sourcecode.swift; path = AppDelegate.swift; sourceTree = "<group>"; };
		7FDC05AA1E235C2100D8D39D /* ViewController.swift */ = {isa = PBXFileReference; lastKnownFileType = sourcecode.swift; path = ViewController.swift; sourceTree = "<group>"; };
		7FDC05AD1E235C2100D8D39D /* Base */ = {isa = PBXFileReference; lastKnownFileType = file.storyboard; name = Base; path = Base.lproj/Main.storyboard; sourceTree = "<group>"; };
		7FDC05AF1E235C2100D8D39D /* Assets.xcassets */ = {isa = PBXFileReference; lastKnownFileType = folder.assetcatalog; path = Assets.xcassets; sourceTree = "<group>"; };
		7FDC05B21E235C2100D8D39D /* Base */ = {isa = PBXFileReference; lastKnownFileType = file.storyboard; name = Base; path = Base.lproj/LaunchScreen.storyboard; sourceTree = "<group>"; };
		7FDC05B41E235C2100D8D39D /* Info.plist */ = {isa = PBXFileReference; lastKnownFileType = text.plist.xml; path = Info.plist; sourceTree = "<group>"; };
		7FDC05BA1E235D3F00D8D39D /* DetailViewController.swift */ = {isa = PBXFileReference; fileEncoding = 4; lastKnownFileType = sourcecode.swift; path = DetailViewController.swift; sourceTree = "<group>"; };
/* End PBXFileReference section */

/* Begin PBXFrameworksBuildPhase section */
		7FDC05A21E235C2100D8D39D /* Frameworks */ = {
			isa = PBXFrameworksBuildPhase;
			buildActionMask = 2147483647;
			files = (
			);
			runOnlyForDeploymentPostprocessing = 0;
		};
/* End PBXFrameworksBuildPhase section */

/* Begin PBXGroup section */
		7FDC059C1E235C2100D8D39D = {
			isa = PBXGroup;
			children = (
				7FDC05A71E235C2100D8D39D /* multiScene naviBasedApp */,
				7FDC05A61E235C2100D8D39D /* Products */,
			);
			sourceTree = "<group>";
		};
		7FDC05A61E235C2100D8D39D /* Products */ = {
			isa = PBXGroup;
			children = (
				7FDC05A51E235C2100D8D39D /* multiScene naviBasedApp.app */,
			);
			name = Products;
			sourceTree = "<group>";
		};
		7FDC05A71E235C2100D8D39D /* multiScene naviBasedApp */ = {
			isa = PBXGroup;
			children = (
				7FDC05A81E235C2100D8D39D /* AppDelegate.swift */,
				7FDC05AA1E235C2100D8D39D /* ViewController.swift */,
				7FDC05AC1E235C2100D8D39D /* Main.storyboard */,
				7FDC05AF1E235C2100D8D39D /* Assets.xcassets */,
				7FDC05B11E235C2100D8D39D /* LaunchScreen.storyboard */,
				7FDC05B41E235C2100D8D39D /* Info.plist */,
				7FDC05BA1E235D3F00D8D39D /* DetailViewController.swift */,
			);
			path = "multiScene naviBasedApp";
			sourceTree = "<group>";
		};
/* End PBXGroup section */

/* Begin PBXNativeTarget section */
		7FDC05A41E235C2100D8D39D /* multiScene naviBasedApp */ = {
			isa = PBXNativeTarget;
			buildConfigurationList = 7FDC05B71E235C2100D8D39D /* Build configuration list for PBXNativeTarget "multiScene naviBasedApp" */;
			buildPhases = (
				7FDC05A11E235C2100D8D39D /* Sources */,
				7FDC05A21E235C2100D8D39D /* Frameworks */,
				7FDC05A31E235C2100D8D39D /* Resources */,
			);
			buildRules = (
			);
			dependencies = (
			);
			name = "multiScene naviBasedApp";
			productName = "multiScene naviBasedApp";
			productReference = 7FDC05A51E235C2100D8D39D /* multiScene naviBasedApp.app */;
			productType = "com.apple.product-type.application";
		};
/* End PBXNativeTarget section */

/* Begin PBXProject section */
		7FDC059D1E235C2100D8D39D /* Project object */ = {
			isa = PBXProject;
			attributes = {
				LastSwiftUpdateCheck = 0810;
				LastUpgradeCheck = 0810;
				ORGANIZATIONNAME = "Tacademy-Mac";
				TargetAttributes = {
					7FDC05A41E235C2100D8D39D = {
						CreatedOnToolsVersion = 8.1;
						ProvisioningStyle = Automatic;
					};
				};
			};
			buildConfigurationList = 7FDC05A01E235C2100D8D39D /* Build configuration list for PBXProject "multiScene naviBasedApp" */;
			compatibilityVersion = "Xcode 3.2";
			developmentRegion = English;
			hasScannedForEncodings = 0;
			knownRegions = (
				en,
				Base,
			);
			mainGroup = 7FDC059C1E235C2100D8D39D;
			productRefGroup = 7FDC05A61E235C2100D8D39D /* Products */;
			projectDirPath = "";
			projectRoot = "";
			targets = (
				7FDC05A41E235C2100D8D39D /* multiScene naviBasedApp */,
			);
		};
/* End PBXProject section */

/* Begin PBXResourcesBuildPhase section */
		7FDC05A31E235C2100D8D39D /* Resources */ = {
			isa = PBXResourcesBuildPhase;
			buildActionMask = 2147483647;
			files = (
				7FDC05B31E235C2100D8D39D /* LaunchScreen.storyboard in Resources */,
				7FDC05B01E235C2100D8D39D /* Assets.xcassets in Resources */,
				7FDC05AE1E235C2100D8D39D /* Main.storyboard in Resources */,
			);
			runOnlyForDeploymentPostprocessing = 0;
		};
/* End PBXResourcesBuildPhase section */

/* Begin PBXSourcesBuildPhase section */
		7FDC05A11E235C2100D8D39D /* Sources */ = {
			isa = PBXSourcesBuildPhase;
			buildActionMask = 2147483647;
			files = (
				7FDC05BB1E235D3F00D8D39D /* DetailViewController.swift in Sources */,
				7FDC05AB1E235C2100D8D39D /* ViewController.swift in Sources */,
				7FDC05A91E235C2100D8D39D /* AppDelegate.swift in Sources */,
			);
			runOnlyForDeploymentPostprocessing = 0;
		};
/* End PBXSourcesBuildPhase section */

/* Begin PBXVariantGroup section */
		7FDC05AC1E235C2100D8D39D /* Main.storyboard */ = {
			isa = PBXVariantGroup;
			children = (
				7FDC05AD1E235C2100D8D39D /* Base */,
			);
			name = Main.storyboard;
			sourceTree = "<group>";
		};
		7FDC05B11E235C2100D8D39D /* LaunchScreen.storyboard */ = {
			isa = PBXVariantGroup;
			children = (
				7FDC05B21E235C2100D8D39D /* Base */,
			);
			name = LaunchScreen.storyboard;
			sourceTree = "<group>";
		};
/* End PBXVariantGroup section */

/* Begin XCBuildConfiguration section */
		7FDC05B51E235C2100D8D39D /* Debug */ = {
			isa = XCBuildConfiguration;
			buildSettings = {
				ALWAYS_SEARCH_USER_PATHS = NO;
				CLANG_ANALYZER_NONNULL = YES;
				CLANG_CXX_LANGUAGE_STANDARD = "gnu++0x";
				CLANG_CXX_LIBRARY = "libc++";
				CLANG_ENABLE_MODULES = YES;
				CLANG_ENABLE_OBJC_ARC = YES;
				CLANG_WARN_BOOL_CONVERSION = YES;
				CLANG_WARN_CONSTANT_CONVERSION = YES;
				CLANG_WARN_DIRECT_OBJC_ISA_USAGE = YES_ERROR;
				CLANG_WARN_DOCUMENTATION_COMMENTS = YES;
				CLANG_WARN_EMPTY_BODY = YES;
				CLANG_WARN_ENUM_CONVERSION = YES;
				CLANG_WARN_INFINITE_RECURSION = YES;
				CLANG_WARN_INT_CONVERSION = YES;
				CLANG_WARN_OBJC_ROOT_CLASS = YES_ERROR;
				CLANG_WARN_SUSPICIOUS_MOVES = YES;
				CLANG_WARN_UNREACHABLE_CODE = YES;
				CLANG_WARN__DUPLICATE_METHOD_MATCH = YES;
				"CODE_SIGN_IDENTITY[sdk=iphoneos*]" = "iPhone Developer";
				COPY_PHASE_STRIP = NO;
				DEBUG_INFORMATION_FORMAT = dwarf;
				ENABLE_STRICT_OBJC_MSGSEND = YES;
				ENABLE_TESTABILITY = YES;
				GCC_C_LANGUAGE_STANDARD = gnu99;
				GCC_DYNAMIC_NO_PIC = NO;
				GCC_NO_COMMON_BLOCKS = YES;
				GCC_OPTIMIZATION_LEVEL = 0;
				GCC_PREPROCESSOR_DEFINITIONS = (
					"DEBUG=1",
					"$(inherited)",
				);
				GCC_WARN_64_TO_32_BIT_CONVERSION = YES;
				GCC_WARN_ABOUT_RETURN_TYPE = YES_ERROR;
				GCC_WARN_UNDECLARED_SELECTOR = YES;
				GCC_WARN_UNINITIALIZED_AUTOS = YES_AGGRESSIVE;
				GCC_WARN_UNUSED_FUNCTION = YES;
				GCC_WARN_UNUSED_VARIABLE = YES;
				IPHONEOS_DEPLOYMENT_TARGET = 10.1;
				MTL_ENABLE_DEBUG_INFO = YES;
				ONLY_ACTIVE_ARCH = YES;
				SDKROOT = iphoneos;
				SWIFT_ACTIVE_COMPILATION_CONDITIONS = DEBUG;
				SWIFT_OPTIMIZATION_LEVEL = "-Onone";
				TARGETED_DEVICE_FAMILY = "1,2";
			};
			name = Debug;
		};
		7FDC05B61E235C2100D8D39D /* Release */ = {
			isa = XCBuildConfiguration;
			buildSettings = {
				ALWAYS_SEARCH_USER_PATHS = NO;
				CLANG_ANALYZER_NONNULL = YES;
				CLANG_CXX_LANGUAGE_STANDARD = "gnu++0x";
				CLANG_CXX_LIBRARY = "libc++";
				CLANG_ENABLE_MODULES = YES;
				CLANG_ENABLE_OBJC_ARC = YES;
				CLANG_WARN_BOOL_CONVERSION = YES;
				CLANG_WARN_CONSTANT_CONVERSION = YES;
				CLANG_WARN_DIRECT_OBJC_ISA_USAGE = YES_ERROR;
				CLANG_WARN_DOCUMENTATION_COMMENTS = YES;
				CLANG_WARN_EMPTY_BODY = YES;
				CLANG_WARN_ENUM_CONVERSION = YES;
				CLANG_WARN_INFINITE_RECURSION = YES;
				CLANG_WARN_INT_CONVERSION = YES;
				CLANG_WARN_OBJC_ROOT_CLASS = YES_ERROR;
				CLANG_WARN_SUSPICIOUS_MOVES = YES;
				CLANG_WARN_UNREACHABLE_CODE = YES;
				CLANG_WARN__DUPLICATE_METHOD_MATCH = YES;
				"CODE_SIGN_IDENTITY[sdk=iphoneos*]" = "iPhone Developer";
				COPY_PHASE_STRIP = NO;
				DEBUG_INFORMATION_FORMAT = "dwarf-with-dsym";
				ENABLE_NS_ASSERTIONS = NO;
				ENABLE_STRICT_OBJC_MSGSEND = YES;
				GCC_C_LANGUAGE_STANDARD = gnu99;
				GCC_NO_COMMON_BLOCKS = YES;
				GCC_WARN_64_TO_32_BIT_CONVERSION = YES;
				GCC_WARN_ABOUT_RETURN_TYPE = YES_ERROR;
				GCC_WARN_UNDECLARED_SELECTOR = YES;
				GCC_WARN_UNINITIALIZED_AUTOS = YES_AGGRESSIVE;
				GCC_WARN_UNUSED_FUNCTION = YES;
				GCC_WARN_UNUSED_VARIABLE = YES;
				IPHONEOS_DEPLOYMENT_TARGET = 10.1;
				MTL_ENABLE_DEBUG_INFO = NO;
				SDKROOT = iphoneos;
				SWIFT_OPTIMIZATION_LEVEL = "-Owholemodule";
				TARGETED_DEVICE_FAMILY = "1,2";
				VALIDATE_PRODUCT = YES;
			};
			name = Release;
		};
		7FDC05B81E235C2100D8D39D /* Debug */ = {
			isa = XCBuildConfiguration;
			buildSettings = {
				ASSETCATALOG_COMPILER_APPICON_NAME = AppIcon;
				INFOPLIST_FILE = "multiScene naviBasedApp/Info.plist";
				LD_RUNPATH_SEARCH_PATHS = "$(inherited) @executable_path/Frameworks";
				PRODUCT_BUNDLE_IDENTIFIER = "com.-Tacademy-Mac.ios.multiScene-naviBasedApp";
				PRODUCT_NAME = "$(TARGET_NAME)";
				SWIFT_VERSION = 3.0;
			};
			name = Debug;
		};
		7FDC05B91E235C2100D8D39D /* Release */ = {
			isa = XCBuildConfiguration;
			buildSettings = {
				ASSETCATALOG_COMPILER_APPICON_NAME = AppIcon;
				INFOPLIST_FILE = "multiScene naviBasedApp/Info.plist";
				LD_RUNPATH_SEARCH_PATHS = "$(inherited) @executable_path/Frameworks";
				PRODUCT_BUNDLE_IDENTIFIER = "com.-Tacademy-Mac.ios.multiScene-naviBasedApp";
				PRODUCT_NAME = "$(TARGET_NAME)";
				SWIFT_VERSION = 3.0;
			};
			name = Release;
		};
/* End XCBuildConfiguration section */

/* Begin XCConfigurationList section */
		7FDC05A01E235C2100D8D39D /* Build configuration list for PBXProject "multiScene naviBasedApp" */ = {
			isa = XCConfigurationList;
			buildConfigurations = (
				7FDC05B51E235C2100D8D39D /* Debug */,
				7FDC05B61E235C2100D8D39D /* Release */,
			);
			defaultConfigurationIsVisible = 0;
			defaultConfigurationName = Release;
		};
		7FDC05B71E235C2100D8D39D /* Build configuration list for PBXNativeTarget "multiScene naviBasedApp" */ = {
			isa = XCConfigurationList;
			buildConfigurations = (
				7FDC05B81E235C2100D8D39D /* Debug */,
				7FDC05B91E235C2100D8D39D /* Release */,
			);
			defaultConfigurationIsVisible = 0;
		};
/* End XCConfigurationList section */
	};
	rootObject = 7FDC059D1E235C2100D8D39D /* Project object */;
}
