// !$*UTF8*$!
{
	archiveVersion = 1;
	classes = {
	};
	objectVersion = 46;
	objects = {

/* Begin PBXBuildFile section */
		7FBBB8B41E2470C2005FDE56 /* AppDelegate.swift in Sources */ = {isa = PBXBuildFile; fileRef = 7FBBB8B31E2470C2005FDE56 /* AppDelegate.swift */; };
		7FBBB8B61E2470C2005FDE56 /* ViewController.swift in Sources */ = {isa = PBXBuildFile; fileRef = 7FBBB8B51E2470C2005FDE56 /* ViewController.swift */; };
		7FBBB8B91E2470C2005FDE56 /* Main.storyboard in Resources */ = {isa = PBXBuildFile; fileRef = 7FBBB8B71E2470C2005FDE56 /* Main.storyboard */; };
		7FBBB8BB1E2470C2005FDE56 /* Assets.xcassets in Resources */ = {isa = PBXBuildFile; fileRef = 7FBBB8BA1E2470C2005FDE56 /* Assets.xcassets */; };
		7FBBB8BE1E2470C2005FDE56 /* LaunchScreen.storyboard in Resources */ = {isa = PBXBuildFile; fileRef = 7FBBB8BC1E2470C2005FDE56 /* LaunchScreen.storyboard */; };
/* End PBXBuildFile section */

/* Begin PBXFileReference section */
		7FBBB8B01E2470C2005FDE56 /* persistence userDefault.app */ = {isa = PBXFileReference; explicitFileType = wrapper.application; includeInIndex = 0; path = "persistence userDefault.app"; sourceTree = BUILT_PRODUCTS_DIR; };
		7FBBB8B31E2470C2005FDE56 /* AppDelegate.swift */ = {isa = PBXFileReference; lastKnownFileType = sourcecode.swift; path = AppDelegate.swift; sourceTree = "<group>"; };
		7FBBB8B51E2470C2005FDE56 /* ViewController.swift */ = {isa = PBXFileReference; lastKnownFileType = sourcecode.swift; path = ViewController.swift; sourceTree = "<group>"; };
		7FBBB8B81E2470C2005FDE56 /* Base */ = {isa = PBXFileReference; lastKnownFileType = file.storyboard; name = Base; path = Base.lproj/Main.storyboard; sourceTree = "<group>"; };
		7FBBB8BA1E2470C2005FDE56 /* Assets.xcassets */ = {isa = PBXFileReference; lastKnownFileType = folder.assetcatalog; path = Assets.xcassets; sourceTree = "<group>"; };
		7FBBB8BD1E2470C2005FDE56 /* Base */ = {isa = PBXFileReference; lastKnownFileType = file.storyboard; name = Base; path = Base.lproj/LaunchScreen.storyboard; sourceTree = "<group>"; };
		7FBBB8BF1E2470C2005FDE56 /* Info.plist */ = {isa = PBXFileReference; lastKnownFileType = text.plist.xml; path = Info.plist; sourceTree = "<group>"; };
/* End PBXFileReference section */

/* Begin PBXFrameworksBuildPhase section */
		7FBBB8AD1E2470C2005FDE56 /* Frameworks */ = {
			isa = PBXFrameworksBuildPhase;
			buildActionMask = 2147483647;
			files = (
			);
			runOnlyForDeploymentPostprocessing = 0;
		};
/* End PBXFrameworksBuildPhase section */

/* Begin PBXGroup section */
		7FBBB8A71E2470C2005FDE56 = {
			isa = PBXGroup;
			children = (
				7FBBB8B21E2470C2005FDE56 /* persistence userDefault */,
				7FBBB8B11E2470C2005FDE56 /* Products */,
			);
			sourceTree = "<group>";
		};
		7FBBB8B11E2470C2005FDE56 /* Products */ = {
			isa = PBXGroup;
			children = (
				7FBBB8B01E2470C2005FDE56 /* persistence userDefault.app */,
			);
			name = Products;
			sourceTree = "<group>";
		};
		7FBBB8B21E2470C2005FDE56 /* persistence userDefault */ = {
			isa = PBXGroup;
			children = (
				7FBBB8B31E2470C2005FDE56 /* AppDelegate.swift */,
				7FBBB8B51E2470C2005FDE56 /* ViewController.swift */,
				7FBBB8B71E2470C2005FDE56 /* Main.storyboard */,
				7FBBB8BA1E2470C2005FDE56 /* Assets.xcassets */,
				7FBBB8BC1E2470C2005FDE56 /* LaunchScreen.storyboard */,
				7FBBB8BF1E2470C2005FDE56 /* Info.plist */,
			);
			path = "persistence userDefault";
			sourceTree = "<group>";
		};
/* End PBXGroup section */

/* Begin PBXNativeTarget section */
		7FBBB8AF1E2470C2005FDE56 /* persistence userDefault */ = {
			isa = PBXNativeTarget;
			buildConfigurationList = 7FBBB8C21E2470C2005FDE56 /* Build configuration list for PBXNativeTarget "persistence userDefault" */;
			buildPhases = (
				7FBBB8AC1E2470C2005FDE56 /* Sources */,
				7FBBB8AD1E2470C2005FDE56 /* Frameworks */,
				7FBBB8AE1E2470C2005FDE56 /* Resources */,
			);
			buildRules = (
			);
			dependencies = (
			);
			name = "persistence userDefault";
			productName = "persistence userDefault";
			productReference = 7FBBB8B01E2470C2005FDE56 /* persistence userDefault.app */;
			productType = "com.apple.product-type.application";
		};
/* End PBXNativeTarget section */

/* Begin PBXProject section */
		7FBBB8A81E2470C2005FDE56 /* Project object */ = {
			isa = PBXProject;
			attributes = {
				LastSwiftUpdateCheck = 0810;
				LastUpgradeCheck = 0810;
				ORGANIZATIONNAME = "Tacademy-Mac";
				TargetAttributes = {
					7FBBB8AF1E2470C2005FDE56 = {
						CreatedOnToolsVersion = 8.1;
						ProvisioningStyle = Automatic;
					};
				};
			};
			buildConfigurationList = 7FBBB8AB1E2470C2005FDE56 /* Build configuration list for PBXProject "persistence userDefault" */;
			compatibilityVersion = "Xcode 3.2";
			developmentRegion = English;
			hasScannedForEncodings = 0;
			knownRegions = (
				en,
				Base,
			);
			mainGroup = 7FBBB8A71E2470C2005FDE56;
			productRefGroup = 7FBBB8B11E2470C2005FDE56 /* Products */;
			projectDirPath = "";
			projectRoot = "";
			targets = (
				7FBBB8AF1E2470C2005FDE56 /* persistence userDefault */,
			);
		};
/* End PBXProject section */

/* Begin PBXResourcesBuildPhase section */
		7FBBB8AE1E2470C2005FDE56 /* Resources */ = {
			isa = PBXResourcesBuildPhase;
			buildActionMask = 2147483647;
			files = (
				7FBBB8BE1E2470C2005FDE56 /* LaunchScreen.storyboard in Resources */,
				7FBBB8BB1E2470C2005FDE56 /* Assets.xcassets in Resources */,
				7FBBB8B91E2470C2005FDE56 /* Main.storyboard in Resources */,
			);
			runOnlyForDeploymentPostprocessing = 0;
		};
/* End PBXResourcesBuildPhase section */

/* Begin PBXSourcesBuildPhase section */
		7FBBB8AC1E2470C2005FDE56 /* Sources */ = {
			isa = PBXSourcesBuildPhase;
			buildActionMask = 2147483647;
			files = (
				7FBBB8B61E2470C2005FDE56 /* ViewController.swift in Sources */,
				7FBBB8B41E2470C2005FDE56 /* AppDelegate.swift in Sources */,
			);
			runOnlyForDeploymentPostprocessing = 0;
		};
/* End PBXSourcesBuildPhase section */

/* Begin PBXVariantGroup section */
		7FBBB8B71E2470C2005FDE56 /* Main.storyboard */ = {
			isa = PBXVariantGroup;
			children = (
				7FBBB8B81E2470C2005FDE56 /* Base */,
			);
			name = Main.storyboard;
			sourceTree = "<group>";
		};
		7FBBB8BC1E2470C2005FDE56 /* LaunchScreen.storyboard */ = {
			isa = PBXVariantGroup;
			children = (
				7FBBB8BD1E2470C2005FDE56 /* Base */,
			);
			name = LaunchScreen.storyboard;
			sourceTree = "<group>";
		};
/* End PBXVariantGroup section */

/* Begin XCBuildConfiguration section */
		7FBBB8C01E2470C2005FDE56 /* Debug */ = {
			isa = XCBuildConfiguration;
			buildSettings = {
				ALWAYS_SEARCH_USER_PATHS = NO;
				CLANG_ANALYZER_NONNULL = YES;
				CLANG_CXX_LANGUAGE_STANDARD = "gnu++0x";
				CLANG_CXX_LIBRARY = "libc++";
				CLANG_ENABLE_MODULES = YES;
				CLANG_ENABLE_OBJC_ARC = YES;
				CLANG_WARN_BOOL_CONVERSION = YES;
				CLANG_WARN_CONSTANT_CONVERSION = YES;
				CLANG_WARN_DIRECT_OBJC_ISA_USAGE = YES_ERROR;
				CLANG_WARN_DOCUMENTATION_COMMENTS = YES;
				CLANG_WARN_EMPTY_BODY = YES;
				CLANG_WARN_ENUM_CONVERSION = YES;
				CLANG_WARN_INFINITE_RECURSION = YES;
				CLANG_WARN_INT_CONVERSION = YES;
				CLANG_WARN_OBJC_ROOT_CLASS = YES_ERROR;
				CLANG_WARN_SUSPICIOUS_MOVES = YES;
				CLANG_WARN_UNREACHABLE_CODE = YES;
				CLANG_WARN__DUPLICATE_METHOD_MATCH = YES;
				"CODE_SIGN_IDENTITY[sdk=iphoneos*]" = "iPhone Developer";
				COPY_PHASE_STRIP = NO;
				DEBUG_INFORMATION_FORMAT = dwarf;
				ENABLE_STRICT_OBJC_MSGSEND = YES;
				ENABLE_TESTABILITY = YES;
				GCC_C_LANGUAGE_STANDARD = gnu99;
				GCC_DYNAMIC_NO_PIC = NO;
				GCC_NO_COMMON_BLOCKS = YES;
				GCC_OPTIMIZATION_LEVEL = 0;
				GCC_PREPROCESSOR_DEFINITIONS = (
					"DEBUG=1",
					"$(inherited)",
				);
				GCC_WARN_64_TO_32_BIT_CONVERSION = YES;
				GCC_WARN_ABOUT_RETURN_TYPE = YES_ERROR;
				GCC_WARN_UNDECLARED_SELECTOR = YES;
				GCC_WARN_UNINITIALIZED_AUTOS = YES_AGGRESSIVE;
				GCC_WARN_UNUSED_FUNCTION = YES;
				GCC_WARN_UNUSED_VARIABLE = YES;
				IPHONEOS_DEPLOYMENT_TARGET = 10.1;
				MTL_ENABLE_DEBUG_INFO = YES;
				ONLY_ACTIVE_ARCH = YES;
				SDKROOT = iphoneos;
				SWIFT_ACTIVE_COMPILATION_CONDITIONS = DEBUG;
				SWIFT_OPTIMIZATION_LEVEL = "-Onone";
				TARGETED_DEVICE_FAMILY = "1,2";
			};
			name = Debug;
		};
		7FBBB8C11E2470C2005FDE56 /* Release */ = {
			isa = XCBuildConfiguration;
			buildSettings = {
				ALWAYS_SEARCH_USER_PATHS = NO;
				CLANG_ANALYZER_NONNULL = YES;
				CLANG_CXX_LANGUAGE_STANDARD = "gnu++0x";
				CLANG_CXX_LIBRARY = "libc++";
				CLANG_ENABLE_MODULES = YES;
				CLANG_ENABLE_OBJC_ARC = YES;
				CLANG_WARN_BOOL_CONVERSION = YES;
				CLANG_WARN_CONSTANT_CONVERSION = YES;
				CLANG_WARN_DIRECT_OBJC_ISA_USAGE = YES_ERROR;
				CLANG_WARN_DOCUMENTATION_COMMENTS = YES;
				CLANG_WARN_EMPTY_BODY = YES;
				CLANG_WARN_ENUM_CONVERSION = YES;
				CLANG_WARN_INFINITE_RECURSION = YES;
				CLANG_WARN_INT_CONVERSION = YES;
				CLANG_WARN_OBJC_ROOT_CLASS = YES_ERROR;
				CLANG_WARN_SUSPICIOUS_MOVES = YES;
				CLANG_WARN_UNREACHABLE_CODE = YES;
				CLANG_WARN__DUPLICATE_METHOD_MATCH = YES;
				"CODE_SIGN_IDENTITY[sdk=iphoneos*]" = "iPhone Developer";
				COPY_PHASE_STRIP = NO;
				DEBUG_INFORMATION_FORMAT = "dwarf-with-dsym";
				ENABLE_NS_ASSERTIONS = NO;
				ENABLE_STRICT_OBJC_MSGSEND = YES;
				GCC_C_LANGUAGE_STANDARD = gnu99;
				GCC_NO_COMMON_BLOCKS = YES;
				GCC_WARN_64_TO_32_BIT_CONVERSION = YES;
				GCC_WARN_ABOUT_RETURN_TYPE = YES_ERROR;
				GCC_WARN_UNDECLARED_SELECTOR = YES;
				GCC_WARN_UNINITIALIZED_AUTOS = YES_AGGRESSIVE;
				GCC_WARN_UNUSED_FUNCTION = YES;
				GCC_WARN_UNUSED_VARIABLE = YES;
				IPHONEOS_DEPLOYMENT_TARGET = 10.1;
				MTL_ENABLE_DEBUG_INFO = NO;
				SDKROOT = iphoneos;
				SWIFT_OPTIMIZATION_LEVEL = "-Owholemodule";
				TARGETED_DEVICE_FAMILY = "1,2";
				VALIDATE_PRODUCT = YES;
			};
			name = Release;
		};
		7FBBB8C31E2470C2005FDE56 /* Debug */ = {
			isa = XCBuildConfiguration;
			buildSettings = {
				ASSETCATALOG_COMPILER_APPICON_NAME = AppIcon;
				INFOPLIST_FILE = "persistence userDefault/Info.plist";
				LD_RUNPATH_SEARCH_PATHS = "$(inherited) @executable_path/Frameworks";
				PRODUCT_BUNDLE_IDENTIFIER = "com.-Tacademy-Mac.ios.persistence-userDefault";
				PRODUCT_NAME = "$(TARGET_NAME)";
				SWIFT_VERSION = 3.0;
			};
			name = Debug;
		};
		7FBBB8C41E2470C2005FDE56 /* Release */ = {
			isa = XCBuildConfiguration;
			buildSettings = {
				ASSETCATALOG_COMPILER_APPICON_NAME = AppIcon;
				INFOPLIST_FILE = "persistence userDefault/Info.plist";
				LD_RUNPATH_SEARCH_PATHS = "$(inherited) @executable_path/Frameworks";
				PRODUCT_BUNDLE_IDENTIFIER = "com.-Tacademy-Mac.ios.persistence-userDefault";
				PRODUCT_NAME = "$(TARGET_NAME)";
				SWIFT_VERSION = 3.0;
			};
			name = Release;
		};
/* End XCBuildConfiguration section */

/* Begin XCConfigurationList section */
		7FBBB8AB1E2470C2005FDE56 /* Build configuration list for PBXProject "persistence userDefault" */ = {
			isa = XCConfigurationList;
			buildConfigurations = (
				7FBBB8C01E2470C2005FDE56 /* Debug */,
				7FBBB8C11E2470C2005FDE56 /* Release */,
			);
			defaultConfigurationIsVisible = 0;
			defaultConfigurationName = Release;
		};
		7FBBB8C21E2470C2005FDE56 /* Build configuration list for PBXNativeTarget "persistence userDefault" */ = {
			isa = XCConfigurationList;
			buildConfigurations = (
				7FBBB8C31E2470C2005FDE56 /* Debug */,
				7FBBB8C41E2470C2005FDE56 /* Release */,
			);
			defaultConfigurationIsVisible = 0;
		};
/* End XCConfigurationList section */
	};
	rootObject = 7FBBB8A81E2470C2005FDE56 /* Project object */;
}
