// !$*UTF8*$!
{
	archiveVersion = 1;
	classes = {
	};
	objectVersion = 46;
	objects = {

/* Begin PBXBuildFile section */
		7F2C690A1E2855300059BDB1 /* AppDelegate.swift in Sources */ = {isa = PBXBuildFile; fileRef = 7F2C69091E2855300059BDB1 /* AppDelegate.swift */; };
		7F2C690C1E2855300059BDB1 /* ViewController.swift in Sources */ = {isa = PBXBuildFile; fileRef = 7F2C690B1E2855300059BDB1 /* ViewController.swift */; };
		7F2C690F1E2855300059BDB1 /* Main.storyboard in Resources */ = {isa = PBXBuildFile; fileRef = 7F2C690D1E2855300059BDB1 /* Main.storyboard */; };
		7F2C69111E2855300059BDB1 /* Assets.xcassets in Resources */ = {isa = PBXBuildFile; fileRef = 7F2C69101E2855300059BDB1 /* Assets.xcassets */; };
		7F2C69141E2855300059BDB1 /* LaunchScreen.storyboard in Resources */ = {isa = PBXBuildFile; fileRef = 7F2C69121E2855300059BDB1 /* LaunchScreen.storyboard */; };
		7F2C691E1E28636B0059BDB1 /* coffee@2x.png in Resources */ = {isa = PBXBuildFile; fileRef = 7F2C691B1E28636B0059BDB1 /* coffee@2x.png */; };
		7F2C691F1E28636B0059BDB1 /* museum@2x.png in Resources */ = {isa = PBXBuildFile; fileRef = 7F2C691C1E28636B0059BDB1 /* museum@2x.png */; };
		7F2C69201E28636B0059BDB1 /* film@2x.png in Resources */ = {isa = PBXBuildFile; fileRef = 7F2C691D1E28636B0059BDB1 /* film@2x.png */; };
/* End PBXBuildFile section */

/* Begin PBXFileReference section */
		7F2C69061E2855300059BDB1 /* locationBased mapView.app */ = {isa = PBXFileReference; explicitFileType = wrapper.application; includeInIndex = 0; path = "locationBased mapView.app"; sourceTree = BUILT_PRODUCTS_DIR; };
		7F2C69091E2855300059BDB1 /* AppDelegate.swift */ = {isa = PBXFileReference; lastKnownFileType = sourcecode.swift; path = AppDelegate.swift; sourceTree = "<group>"; };
		7F2C690B1E2855300059BDB1 /* ViewController.swift */ = {isa = PBXFileReference; lastKnownFileType = sourcecode.swift; path = ViewController.swift; sourceTree = "<group>"; };
		7F2C690E1E2855300059BDB1 /* Base */ = {isa = PBXFileReference; lastKnownFileType = file.storyboard; name = Base; path = Base.lproj/Main.storyboard; sourceTree = "<group>"; };
		7F2C69101E2855300059BDB1 /* Assets.xcassets */ = {isa = PBXFileReference; lastKnownFileType = folder.assetcatalog; path = Assets.xcassets; sourceTree = "<group>"; };
		7F2C69131E2855300059BDB1 /* Base */ = {isa = PBXFileReference; lastKnownFileType = file.storyboard; name = Base; path = Base.lproj/LaunchScreen.storyboard; sourceTree = "<group>"; };
		7F2C69151E2855300059BDB1 /* Info.plist */ = {isa = PBXFileReference; lastKnownFileType = text.plist.xml; path = Info.plist; sourceTree = "<group>"; };
		7F2C691B1E28636B0059BDB1 /* coffee@2x.png */ = {isa = PBXFileReference; lastKnownFileType = image.png; path = "coffee@2x.png"; sourceTree = "<group>"; };
		7F2C691C1E28636B0059BDB1 /* museum@2x.png */ = {isa = PBXFileReference; lastKnownFileType = image.png; path = "museum@2x.png"; sourceTree = "<group>"; };
		7F2C691D1E28636B0059BDB1 /* film@2x.png */ = {isa = PBXFileReference; lastKnownFileType = image.png; path = "film@2x.png"; sourceTree = "<group>"; };
/* End PBXFileReference section */

/* Begin PBXFrameworksBuildPhase section */
		7F2C69031E28552F0059BDB1 /* Frameworks */ = {
			isa = PBXFrameworksBuildPhase;
			buildActionMask = 2147483647;
			files = (
			);
			runOnlyForDeploymentPostprocessing = 0;
		};
/* End PBXFrameworksBuildPhase section */

/* Begin PBXGroup section */
		7F2C68FD1E28552F0059BDB1 = {
			isa = PBXGroup;
			children = (
				7F2C69081E2855300059BDB1 /* locationBased mapView */,
				7F2C69071E2855300059BDB1 /* Products */,
			);
			sourceTree = "<group>";
		};
		7F2C69071E2855300059BDB1 /* Products */ = {
			isa = PBXGroup;
			children = (
				7F2C69061E2855300059BDB1 /* locationBased mapView.app */,
			);
			name = Products;
			sourceTree = "<group>";
		};
		7F2C69081E2855300059BDB1 /* locationBased mapView */ = {
			isa = PBXGroup;
			children = (
				7F2C69091E2855300059BDB1 /* AppDelegate.swift */,
				7F2C690B1E2855300059BDB1 /* ViewController.swift */,
				7F2C690D1E2855300059BDB1 /* Main.storyboard */,
				7F2C691B1E28636B0059BDB1 /* coffee@2x.png */,
				7F2C691C1E28636B0059BDB1 /* museum@2x.png */,
				7F2C691D1E28636B0059BDB1 /* film@2x.png */,
				7F2C69101E2855300059BDB1 /* Assets.xcassets */,
				7F2C69121E2855300059BDB1 /* LaunchScreen.storyboard */,
				7F2C69151E2855300059BDB1 /* Info.plist */,
			);
			path = "locationBased mapView";
			sourceTree = "<group>";
		};
/* End PBXGroup section */

/* Begin PBXNativeTarget section */
		7F2C69051E28552F0059BDB1 /* locationBased mapView */ = {
			isa = PBXNativeTarget;
			buildConfigurationList = 7F2C69181E2855300059BDB1 /* Build configuration list for PBXNativeTarget "locationBased mapView" */;
			buildPhases = (
				7F2C69021E28552F0059BDB1 /* Sources */,
				7F2C69031E28552F0059BDB1 /* Frameworks */,
				7F2C69041E28552F0059BDB1 /* Resources */,
			);
			buildRules = (
			);
			dependencies = (
			);
			name = "locationBased mapView";
			productName = "locationBased mapView";
			productReference = 7F2C69061E2855300059BDB1 /* locationBased mapView.app */;
			productType = "com.apple.product-type.application";
		};
/* End PBXNativeTarget section */

/* Begin PBXProject section */
		7F2C68FE1E28552F0059BDB1 /* Project object */ = {
			isa = PBXProject;
			attributes = {
				LastSwiftUpdateCheck = 0810;
				LastUpgradeCheck = 0810;
				ORGANIZATIONNAME = "Tacademy-Mac";
				TargetAttributes = {
					7F2C69051E28552F0059BDB1 = {
						CreatedOnToolsVersion = 8.1;
						ProvisioningStyle = Automatic;
					};
				};
			};
			buildConfigurationList = 7F2C69011E28552F0059BDB1 /* Build configuration list for PBXProject "locationBased mapView" */;
			compatibilityVersion = "Xcode 3.2";
			developmentRegion = English;
			hasScannedForEncodings = 0;
			knownRegions = (
				en,
				Base,
			);
			mainGroup = 7F2C68FD1E28552F0059BDB1;
			productRefGroup = 7F2C69071E2855300059BDB1 /* Products */;
			projectDirPath = "";
			projectRoot = "";
			targets = (
				7F2C69051E28552F0059BDB1 /* locationBased mapView */,
			);
		};
/* End PBXProject section */

/* Begin PBXResourcesBuildPhase section */
		7F2C69041E28552F0059BDB1 /* Resources */ = {
			isa = PBXResourcesBuildPhase;
			buildActionMask = 2147483647;
			files = (
				7F2C69201E28636B0059BDB1 /* film@2x.png in Resources */,
				7F2C69141E2855300059BDB1 /* LaunchScreen.storyboard in Resources */,
				7F2C69111E2855300059BDB1 /* Assets.xcassets in Resources */,
				7F2C691F1E28636B0059BDB1 /* museum@2x.png in Resources */,
				7F2C691E1E28636B0059BDB1 /* coffee@2x.png in Resources */,
				7F2C690F1E2855300059BDB1 /* Main.storyboard in Resources */,
			);
			runOnlyForDeploymentPostprocessing = 0;
		};
/* End PBXResourcesBuildPhase section */

/* Begin PBXSourcesBuildPhase section */
		7F2C69021E28552F0059BDB1 /* Sources */ = {
			isa = PBXSourcesBuildPhase;
			buildActionMask = 2147483647;
			files = (
				7F2C690C1E2855300059BDB1 /* ViewController.swift in Sources */,
				7F2C690A1E2855300059BDB1 /* AppDelegate.swift in Sources */,
			);
			runOnlyForDeploymentPostprocessing = 0;
		};
/* End PBXSourcesBuildPhase section */

/* Begin PBXVariantGroup section */
		7F2C690D1E2855300059BDB1 /* Main.storyboard */ = {
			isa = PBXVariantGroup;
			children = (
				7F2C690E1E2855300059BDB1 /* Base */,
			);
			name = Main.storyboard;
			sourceTree = "<group>";
		};
		7F2C69121E2855300059BDB1 /* LaunchScreen.storyboard */ = {
			isa = PBXVariantGroup;
			children = (
				7F2C69131E2855300059BDB1 /* Base */,
			);
			name = LaunchScreen.storyboard;
			sourceTree = "<group>";
		};
/* End PBXVariantGroup section */

/* Begin XCBuildConfiguration section */
		7F2C69161E2855300059BDB1 /* Debug */ = {
			isa = XCBuildConfiguration;
			buildSettings = {
				ALWAYS_SEARCH_USER_PATHS = NO;
				CLANG_ANALYZER_NONNULL = YES;
				CLANG_CXX_LANGUAGE_STANDARD = "gnu++0x";
				CLANG_CXX_LIBRARY = "libc++";
				CLANG_ENABLE_MODULES = YES;
				CLANG_ENABLE_OBJC_ARC = YES;
				CLANG_WARN_BOOL_CONVERSION = YES;
				CLANG_WARN_CONSTANT_CONVERSION = YES;
				CLANG_WARN_DIRECT_OBJC_ISA_USAGE = YES_ERROR;
				CLANG_WARN_DOCUMENTATION_COMMENTS = YES;
				CLANG_WARN_EMPTY_BODY = YES;
				CLANG_WARN_ENUM_CONVERSION = YES;
				CLANG_WARN_INFINITE_RECURSION = YES;
				CLANG_WARN_INT_CONVERSION = YES;
				CLANG_WARN_OBJC_ROOT_CLASS = YES_ERROR;
				CLANG_WARN_SUSPICIOUS_MOVES = YES;
				CLANG_WARN_UNREACHABLE_CODE = YES;
				CLANG_WARN__DUPLICATE_METHOD_MATCH = YES;
				"CODE_SIGN_IDENTITY[sdk=iphoneos*]" = "iPhone Developer";
				COPY_PHASE_STRIP = NO;
				DEBUG_INFORMATION_FORMAT = dwarf;
				ENABLE_STRICT_OBJC_MSGSEND = YES;
				ENABLE_TESTABILITY = YES;
				GCC_C_LANGUAGE_STANDARD = gnu99;
				GCC_DYNAMIC_NO_PIC = NO;
				GCC_NO_COMMON_BLOCKS = YES;
				GCC_OPTIMIZATION_LEVEL = 0;
				GCC_PREPROCESSOR_DEFINITIONS = (
					"DEBUG=1",
					"$(inherited)",
				);
				GCC_WARN_64_TO_32_BIT_CONVERSION = YES;
				GCC_WARN_ABOUT_RETURN_TYPE = YES_ERROR;
				GCC_WARN_UNDECLARED_SELECTOR = YES;
				GCC_WARN_UNINITIALIZED_AUTOS = YES_AGGRESSIVE;
				GCC_WARN_UNUSED_FUNCTION = YES;
				GCC_WARN_UNUSED_VARIABLE = YES;
				IPHONEOS_DEPLOYMENT_TARGET = 10.1;
				MTL_ENABLE_DEBUG_INFO = YES;
				ONLY_ACTIVE_ARCH = YES;
				SDKROOT = iphoneos;
				SWIFT_ACTIVE_COMPILATION_CONDITIONS = DEBUG;
				SWIFT_OPTIMIZATION_LEVEL = "-Onone";
				TARGETED_DEVICE_FAMILY = "1,2";
			};
			name = Debug;
		};
		7F2C69171E2855300059BDB1 /* Release */ = {
			isa = XCBuildConfiguration;
			buildSettings = {
				ALWAYS_SEARCH_USER_PATHS = NO;
				CLANG_ANALYZER_NONNULL = YES;
				CLANG_CXX_LANGUAGE_STANDARD = "gnu++0x";
				CLANG_CXX_LIBRARY = "libc++";
				CLANG_ENABLE_MODULES = YES;
				CLANG_ENABLE_OBJC_ARC = YES;
				CLANG_WARN_BOOL_CONVERSION = YES;
				CLANG_WARN_CONSTANT_CONVERSION = YES;
				CLANG_WARN_DIRECT_OBJC_ISA_USAGE = YES_ERROR;
				CLANG_WARN_DOCUMENTATION_COMMENTS = YES;
				CLANG_WARN_EMPTY_BODY = YES;
				CLANG_WARN_ENUM_CONVERSION = YES;
				CLANG_WARN_INFINITE_RECURSION = YES;
				CLANG_WARN_INT_CONVERSION = YES;
				CLANG_WARN_OBJC_ROOT_CLASS = YES_ERROR;
				CLANG_WARN_SUSPICIOUS_MOVES = YES;
				CLANG_WARN_UNREACHABLE_CODE = YES;
				CLANG_WARN__DUPLICATE_METHOD_MATCH = YES;
				"CODE_SIGN_IDENTITY[sdk=iphoneos*]" = "iPhone Developer";
				COPY_PHASE_STRIP = NO;
				DEBUG_INFORMATION_FORMAT = "dwarf-with-dsym";
				ENABLE_NS_ASSERTIONS = NO;
				ENABLE_STRICT_OBJC_MSGSEND = YES;
				GCC_C_LANGUAGE_STANDARD = gnu99;
				GCC_NO_COMMON_BLOCKS = YES;
				GCC_WARN_64_TO_32_BIT_CONVERSION = YES;
				GCC_WARN_ABOUT_RETURN_TYPE = YES_ERROR;
				GCC_WARN_UNDECLARED_SELECTOR = YES;
				GCC_WARN_UNINITIALIZED_AUTOS = YES_AGGRESSIVE;
				GCC_WARN_UNUSED_FUNCTION = YES;
				GCC_WARN_UNUSED_VARIABLE = YES;
				IPHONEOS_DEPLOYMENT_TARGET = 10.1;
				MTL_ENABLE_DEBUG_INFO = NO;
				SDKROOT = iphoneos;
				SWIFT_OPTIMIZATION_LEVEL = "-Owholemodule";
				TARGETED_DEVICE_FAMILY = "1,2";
				VALIDATE_PRODUCT = YES;
			};
			name = Release;
		};
		7F2C69191E2855300059BDB1 /* Debug */ = {
			isa = XCBuildConfiguration;
			buildSettings = {
				ASSETCATALOG_COMPILER_APPICON_NAME = AppIcon;
				INFOPLIST_FILE = "locationBased mapView/Info.plist";
				LD_RUNPATH_SEARCH_PATHS = "$(inherited) @executable_path/Frameworks";
				PRODUCT_BUNDLE_IDENTIFIER = "com.-Tacademy-Mac.ios.locationBased-mapView";
				PRODUCT_NAME = "$(TARGET_NAME)";
				SWIFT_VERSION = 3.0;
			};
			name = Debug;
		};
		7F2C691A1E2855300059BDB1 /* Release */ = {
			isa = XCBuildConfiguration;
			buildSettings = {
				ASSETCATALOG_COMPILER_APPICON_NAME = AppIcon;
				INFOPLIST_FILE = "locationBased mapView/Info.plist";
				LD_RUNPATH_SEARCH_PATHS = "$(inherited) @executable_path/Frameworks";
				PRODUCT_BUNDLE_IDENTIFIER = "com.-Tacademy-Mac.ios.locationBased-mapView";
				PRODUCT_NAME = "$(TARGET_NAME)";
				SWIFT_VERSION = 3.0;
			};
			name = Release;
		};
/* End XCBuildConfiguration section */

/* Begin XCConfigurationList section */
		7F2C69011E28552F0059BDB1 /* Build configuration list for PBXProject "locationBased mapView" */ = {
			isa = XCConfigurationList;
			buildConfigurations = (
				7F2C69161E2855300059BDB1 /* Debug */,
				7F2C69171E2855300059BDB1 /* Release */,
			);
			defaultConfigurationIsVisible = 0;
			defaultConfigurationName = Release;
		};
		7F2C69181E2855300059BDB1 /* Build configuration list for PBXNativeTarget "locationBased mapView" */ = {
			isa = XCConfigurationList;
			buildConfigurations = (
				7F2C69191E2855300059BDB1 /* Debug */,
				7F2C691A1E2855300059BDB1 /* Release */,
			);
			defaultConfigurationIsVisible = 0;
		};
/* End XCConfigurationList section */
	};
	rootObject = 7F2C68FE1E28552F0059BDB1 /* Project object */;
}
