// !$*UTF8*$!
{
	archiveVersion = 1;
	classes = {
	};
	objectVersion = 46;
	objects = {

/* Begin PBXBuildFile section */
		7F8EBF121E26059100C48C9B /* AppDelegate.swift in Sources */ = {isa = PBXBuildFile; fileRef = 7F8EBF111E26059100C48C9B /* AppDelegate.swift */; };
		7F8EBF141E26059100C48C9B /* ViewController.swift in Sources */ = {isa = PBXBuildFile; fileRef = 7F8EBF131E26059100C48C9B /* ViewController.swift */; };
		7F8EBF171E26059100C48C9B /* Main.storyboard in Resources */ = {isa = PBXBuildFile; fileRef = 7F8EBF151E26059100C48C9B /* Main.storyboard */; };
		7F8EBF191E26059100C48C9B /* Assets.xcassets in Resources */ = {isa = PBXBuildFile; fileRef = 7F8EBF181E26059100C48C9B /* Assets.xcassets */; };
		7F8EBF1C1E26059100C48C9B /* LaunchScreen.storyboard in Resources */ = {isa = PBXBuildFile; fileRef = 7F8EBF1A1E26059100C48C9B /* LaunchScreen.storyboard */; };
		CB10D446137ED9BE9916112E /* Pods_network_json.framework in Frameworks */ = {isa = PBXBuildFile; fileRef = D46A13B43F5146A27CB77245 /* Pods_network_json.framework */; };
/* End PBXBuildFile section */

/* Begin PBXFileReference section */
		329DB2BE7836DCE7A7EA70EF /* Pods-network json.release.xcconfig */ = {isa = PBXFileReference; includeInIndex = 1; lastKnownFileType = text.xcconfig; name = "Pods-network json.release.xcconfig"; path = "Pods/Target Support Files/Pods-network json/Pods-network json.release.xcconfig"; sourceTree = "<group>"; };
		7F8EBF0E1E26059100C48C9B /* network json.app */ = {isa = PBXFileReference; explicitFileType = wrapper.application; includeInIndex = 0; path = "network json.app"; sourceTree = BUILT_PRODUCTS_DIR; };
		7F8EBF111E26059100C48C9B /* AppDelegate.swift */ = {isa = PBXFileReference; lastKnownFileType = sourcecode.swift; path = AppDelegate.swift; sourceTree = "<group>"; };
		7F8EBF131E26059100C48C9B /* ViewController.swift */ = {isa = PBXFileReference; lastKnownFileType = sourcecode.swift; path = ViewController.swift; sourceTree = "<group>"; };
		7F8EBF161E26059100C48C9B /* Base */ = {isa = PBXFileReference; lastKnownFileType = file.storyboard; name = Base; path = Base.lproj/Main.storyboard; sourceTree = "<group>"; };
		7F8EBF181E26059100C48C9B /* Assets.xcassets */ = {isa = PBXFileReference; lastKnownFileType = folder.assetcatalog; path = Assets.xcassets; sourceTree = "<group>"; };
		7F8EBF1B1E26059100C48C9B /* Base */ = {isa = PBXFileReference; lastKnownFileType = file.storyboard; name = Base; path = Base.lproj/LaunchScreen.storyboard; sourceTree = "<group>"; };
		7F8EBF1D1E26059100C48C9B /* Info.plist */ = {isa = PBXFileReference; lastKnownFileType = text.plist.xml; path = Info.plist; sourceTree = "<group>"; };
		D46A13B43F5146A27CB77245 /* Pods_network_json.framework */ = {isa = PBXFileReference; explicitFileType = wrapper.framework; includeInIndex = 0; path = Pods_network_json.framework; sourceTree = BUILT_PRODUCTS_DIR; };
		D5CE9C9C01C273F4E0F47C2D /* Pods-network json.debug.xcconfig */ = {isa = PBXFileReference; includeInIndex = 1; lastKnownFileType = text.xcconfig; name = "Pods-network json.debug.xcconfig"; path = "Pods/Target Support Files/Pods-network json/Pods-network json.debug.xcconfig"; sourceTree = "<group>"; };
/* End PBXFileReference section */

/* Begin PBXFrameworksBuildPhase section */
		7F8EBF0B1E26059100C48C9B /* Frameworks */ = {
			isa = PBXFrameworksBuildPhase;
			buildActionMask = 2147483647;
			files = (
				CB10D446137ED9BE9916112E /* Pods_network_json.framework in Frameworks */,
			);
			runOnlyForDeploymentPostprocessing = 0;
		};
/* End PBXFrameworksBuildPhase section */

/* Begin PBXGroup section */
		29BA3D713E60FEF2C283F23F /* Frameworks */ = {
			isa = PBXGroup;
			children = (
				D46A13B43F5146A27CB77245 /* Pods_network_json.framework */,
			);
			name = Frameworks;
			sourceTree = "<group>";
		};
		7F8EBF051E26059100C48C9B = {
			isa = PBXGroup;
			children = (
				7F8EBF101E26059100C48C9B /* network json */,
				7F8EBF0F1E26059100C48C9B /* Products */,
				9D5038CB43DDD714C3090C21 /* Pods */,
				29BA3D713E60FEF2C283F23F /* Frameworks */,
			);
			sourceTree = "<group>";
		};
		7F8EBF0F1E26059100C48C9B /* Products */ = {
			isa = PBXGroup;
			children = (
				7F8EBF0E1E26059100C48C9B /* network json.app */,
			);
			name = Products;
			sourceTree = "<group>";
		};
		7F8EBF101E26059100C48C9B /* network json */ = {
			isa = PBXGroup;
			children = (
				7F8EBF111E26059100C48C9B /* AppDelegate.swift */,
				7F8EBF131E26059100C48C9B /* ViewController.swift */,
				7F8EBF151E26059100C48C9B /* Main.storyboard */,
				7F8EBF181E26059100C48C9B /* Assets.xcassets */,
				7F8EBF1A1E26059100C48C9B /* LaunchScreen.storyboard */,
				7F8EBF1D1E26059100C48C9B /* Info.plist */,
			);
			path = "network json";
			sourceTree = "<group>";
		};
		9D5038CB43DDD714C3090C21 /* Pods */ = {
			isa = PBXGroup;
			children = (
				D5CE9C9C01C273F4E0F47C2D /* Pods-network json.debug.xcconfig */,
				329DB2BE7836DCE7A7EA70EF /* Pods-network json.release.xcconfig */,
			);
			name = Pods;
			sourceTree = "<group>";
		};
/* End PBXGroup section */

/* Begin PBXNativeTarget section */
		7F8EBF0D1E26059100C48C9B /* network json */ = {
			isa = PBXNativeTarget;
			buildConfigurationList = 7F8EBF201E26059100C48C9B /* Build configuration list for PBXNativeTarget "network json" */;
			buildPhases = (
				98CC55EB1570D522117459BA /* [CP] Check Pods Manifest.lock */,
				7F8EBF0A1E26059100C48C9B /* Sources */,
				7F8EBF0B1E26059100C48C9B /* Frameworks */,
				7F8EBF0C1E26059100C48C9B /* Resources */,
				4B224876F23AB823473DF25B /* [CP] Embed Pods Frameworks */,
				DB1064856130F094817CFA2C /* [CP] Copy Pods Resources */,
			);
			buildRules = (
			);
			dependencies = (
			);
			name = "network json";
			productName = "network json";
			productReference = 7F8EBF0E1E26059100C48C9B /* network json.app */;
			productType = "com.apple.product-type.application";
		};
/* End PBXNativeTarget section */

/* Begin PBXProject section */
		7F8EBF061E26059100C48C9B /* Project object */ = {
			isa = PBXProject;
			attributes = {
				LastSwiftUpdateCheck = 0810;
				LastUpgradeCheck = 0810;
				ORGANIZATIONNAME = "Tacademy-Mac";
				TargetAttributes = {
					7F8EBF0D1E26059100C48C9B = {
						CreatedOnToolsVersion = 8.1;
						ProvisioningStyle = Automatic;
					};
				};
			};
			buildConfigurationList = 7F8EBF091E26059100C48C9B /* Build configuration list for PBXProject "network json" */;
			compatibilityVersion = "Xcode 3.2";
			developmentRegion = English;
			hasScannedForEncodings = 0;
			knownRegions = (
				en,
				Base,
			);
			mainGroup = 7F8EBF051E26059100C48C9B;
			productRefGroup = 7F8EBF0F1E26059100C48C9B /* Products */;
			projectDirPath = "";
			projectRoot = "";
			targets = (
				7F8EBF0D1E26059100C48C9B /* network json */,
			);
		};
/* End PBXProject section */

/* Begin PBXResourcesBuildPhase section */
		7F8EBF0C1E26059100C48C9B /* Resources */ = {
			isa = PBXResourcesBuildPhase;
			buildActionMask = 2147483647;
			files = (
				7F8EBF1C1E26059100C48C9B /* LaunchScreen.storyboard in Resources */,
				7F8EBF191E26059100C48C9B /* Assets.xcassets in Resources */,
				7F8EBF171E26059100C48C9B /* Main.storyboard in Resources */,
			);
			runOnlyForDeploymentPostprocessing = 0;
		};
/* End PBXResourcesBuildPhase section */

/* Begin PBXShellScriptBuildPhase section */
		4B224876F23AB823473DF25B /* [CP] Embed Pods Frameworks */ = {
			isa = PBXShellScriptBuildPhase;
			buildActionMask = 2147483647;
			files = (
			);
			inputPaths = (
			);
			name = "[CP] Embed Pods Frameworks";
			outputPaths = (
			);
			runOnlyForDeploymentPostprocessing = 0;
			shellPath = /bin/sh;
			shellScript = "\"${SRCROOT}/Pods/Target Support Files/Pods-network json/Pods-network json-frameworks.sh\"\n";
			showEnvVarsInLog = 0;
		};
		98CC55EB1570D522117459BA /* [CP] Check Pods Manifest.lock */ = {
			isa = PBXShellScriptBuildPhase;
			buildActionMask = 2147483647;
			files = (
			);
			inputPaths = (
			);
			name = "[CP] Check Pods Manifest.lock";
			outputPaths = (
			);
			runOnlyForDeploymentPostprocessing = 0;
			shellPath = /bin/sh;
			shellScript = "diff \"${PODS_ROOT}/../Podfile.lock\" \"${PODS_ROOT}/Manifest.lock\" > /dev/null\nif [ $? != 0 ] ; then\n    # print error to STDERR\n    echo \"error: The sandbox is not in sync with the Podfile.lock. Run 'pod install' or update your CocoaPods installation.\" >&2\n    exit 1\nfi\n";
			showEnvVarsInLog = 0;
		};
		DB1064856130F094817CFA2C /* [CP] Copy Pods Resources */ = {
			isa = PBXShellScriptBuildPhase;
			buildActionMask = 2147483647;
			files = (
			);
			inputPaths = (
			);
			name = "[CP] Copy Pods Resources";
			outputPaths = (
			);
			runOnlyForDeploymentPostprocessing = 0;
			shellPath = /bin/sh;
			shellScript = "\"${SRCROOT}/Pods/Target Support Files/Pods-network json/Pods-network json-resources.sh\"\n";
			showEnvVarsInLog = 0;
		};
/* End PBXShellScriptBuildPhase section */

/* Begin PBXSourcesBuildPhase section */
		7F8EBF0A1E26059100C48C9B /* Sources */ = {
			isa = PBXSourcesBuildPhase;
			buildActionMask = 2147483647;
			files = (
				7F8EBF141E26059100C48C9B /* ViewController.swift in Sources */,
				7F8EBF121E26059100C48C9B /* AppDelegate.swift in Sources */,
			);
			runOnlyForDeploymentPostprocessing = 0;
		};
/* End PBXSourcesBuildPhase section */

/* Begin PBXVariantGroup section */
		7F8EBF151E26059100C48C9B /* Main.storyboard */ = {
			isa = PBXVariantGroup;
			children = (
				7F8EBF161E26059100C48C9B /* Base */,
			);
			name = Main.storyboard;
			sourceTree = "<group>";
		};
		7F8EBF1A1E26059100C48C9B /* LaunchScreen.storyboard */ = {
			isa = PBXVariantGroup;
			children = (
				7F8EBF1B1E26059100C48C9B /* Base */,
			);
			name = LaunchScreen.storyboard;
			sourceTree = "<group>";
		};
/* End PBXVariantGroup section */

/* Begin XCBuildConfiguration section */
		7F8EBF1E1E26059100C48C9B /* Debug */ = {
			isa = XCBuildConfiguration;
			buildSettings = {
				ALWAYS_SEARCH_USER_PATHS = NO;
				CLANG_ANALYZER_NONNULL = YES;
				CLANG_CXX_LANGUAGE_STANDARD = "gnu++0x";
				CLANG_CXX_LIBRARY = "libc++";
				CLANG_ENABLE_MODULES = YES;
				CLANG_ENABLE_OBJC_ARC = YES;
				CLANG_WARN_BOOL_CONVERSION = YES;
				CLANG_WARN_CONSTANT_CONVERSION = YES;
				CLANG_WARN_DIRECT_OBJC_ISA_USAGE = YES_ERROR;
				CLANG_WARN_DOCUMENTATION_COMMENTS = YES;
				CLANG_WARN_EMPTY_BODY = YES;
				CLANG_WARN_ENUM_CONVERSION = YES;
				CLANG_WARN_INFINITE_RECURSION = YES;
				CLANG_WARN_INT_CONVERSION = YES;
				CLANG_WARN_OBJC_ROOT_CLASS = YES_ERROR;
				CLANG_WARN_SUSPICIOUS_MOVES = YES;
				CLANG_WARN_UNREACHABLE_CODE = YES;
				CLANG_WARN__DUPLICATE_METHOD_MATCH = YES;
				"CODE_SIGN_IDENTITY[sdk=iphoneos*]" = "iPhone Developer";
				COPY_PHASE_STRIP = NO;
				DEBUG_INFORMATION_FORMAT = dwarf;
				ENABLE_STRICT_OBJC_MSGSEND = YES;
				ENABLE_TESTABILITY = YES;
				GCC_C_LANGUAGE_STANDARD = gnu99;
				GCC_DYNAMIC_NO_PIC = NO;
				GCC_NO_COMMON_BLOCKS = YES;
				GCC_OPTIMIZATION_LEVEL = 0;
				GCC_PREPROCESSOR_DEFINITIONS = (
					"DEBUG=1",
					"$(inherited)",
				);
				GCC_WARN_64_TO_32_BIT_CONVERSION = YES;
				GCC_WARN_ABOUT_RETURN_TYPE = YES_ERROR;
				GCC_WARN_UNDECLARED_SELECTOR = YES;
				GCC_WARN_UNINITIALIZED_AUTOS = YES_AGGRESSIVE;
				GCC_WARN_UNUSED_FUNCTION = YES;
				GCC_WARN_UNUSED_VARIABLE = YES;
				IPHONEOS_DEPLOYMENT_TARGET = 10.1;
				MTL_ENABLE_DEBUG_INFO = YES;
				ONLY_ACTIVE_ARCH = YES;
				SDKROOT = iphoneos;
				SWIFT_ACTIVE_COMPILATION_CONDITIONS = DEBUG;
				SWIFT_OPTIMIZATION_LEVEL = "-Onone";
				TARGETED_DEVICE_FAMILY = "1,2";
			};
			name = Debug;
		};
		7F8EBF1F1E26059100C48C9B /* Release */ = {
			isa = XCBuildConfiguration;
			buildSettings = {
				ALWAYS_SEARCH_USER_PATHS = NO;
				CLANG_ANALYZER_NONNULL = YES;
				CLANG_CXX_LANGUAGE_STANDARD = "gnu++0x";
				CLANG_CXX_LIBRARY = "libc++";
				CLANG_ENABLE_MODULES = YES;
				CLANG_ENABLE_OBJC_ARC = YES;
				CLANG_WARN_BOOL_CONVERSION = YES;
				CLANG_WARN_CONSTANT_CONVERSION = YES;
				CLANG_WARN_DIRECT_OBJC_ISA_USAGE = YES_ERROR;
				CLANG_WARN_DOCUMENTATION_COMMENTS = YES;
				CLANG_WARN_EMPTY_BODY = YES;
				CLANG_WARN_ENUM_CONVERSION = YES;
				CLANG_WARN_INFINITE_RECURSION = YES;
				CLANG_WARN_INT_CONVERSION = YES;
				CLANG_WARN_OBJC_ROOT_CLASS = YES_ERROR;
				CLANG_WARN_SUSPICIOUS_MOVES = YES;
				CLANG_WARN_UNREACHABLE_CODE = YES;
				CLANG_WARN__DUPLICATE_METHOD_MATCH = YES;
				"CODE_SIGN_IDENTITY[sdk=iphoneos*]" = "iPhone Developer";
				COPY_PHASE_STRIP = NO;
				DEBUG_INFORMATION_FORMAT = "dwarf-with-dsym";
				ENABLE_NS_ASSERTIONS = NO;
				ENABLE_STRICT_OBJC_MSGSEND = YES;
				GCC_C_LANGUAGE_STANDARD = gnu99;
				GCC_NO_COMMON_BLOCKS = YES;
				GCC_WARN_64_TO_32_BIT_CONVERSION = YES;
				GCC_WARN_ABOUT_RETURN_TYPE = YES_ERROR;
				GCC_WARN_UNDECLARED_SELECTOR = YES;
				GCC_WARN_UNINITIALIZED_AUTOS = YES_AGGRESSIVE;
				GCC_WARN_UNUSED_FUNCTION = YES;
				GCC_WARN_UNUSED_VARIABLE = YES;
				IPHONEOS_DEPLOYMENT_TARGET = 10.1;
				MTL_ENABLE_DEBUG_INFO = NO;
				SDKROOT = iphoneos;
				SWIFT_OPTIMIZATION_LEVEL = "-Owholemodule";
				TARGETED_DEVICE_FAMILY = "1,2";
				VALIDATE_PRODUCT = YES;
			};
			name = Release;
		};
		7F8EBF211E26059100C48C9B /* Debug */ = {
			isa = XCBuildConfiguration;
			baseConfigurationReference = D5CE9C9C01C273F4E0F47C2D /* Pods-network json.debug.xcconfig */;
			buildSettings = {
				ASSETCATALOG_COMPILER_APPICON_NAME = AppIcon;
				INFOPLIST_FILE = "network json/Info.plist";
				LD_RUNPATH_SEARCH_PATHS = "$(inherited) @executable_path/Frameworks";
				PRODUCT_BUNDLE_IDENTIFIER = "com.-Tacademy-Mac.ios.network-json";
				PRODUCT_NAME = "$(TARGET_NAME)";
				SWIFT_VERSION = 3.0;
			};
			name = Debug;
		};
		7F8EBF221E26059100C48C9B /* Release */ = {
			isa = XCBuildConfiguration;
			baseConfigurationReference = 329DB2BE7836DCE7A7EA70EF /* Pods-network json.release.xcconfig */;
			buildSettings = {
				ASSETCATALOG_COMPILER_APPICON_NAME = AppIcon;
				INFOPLIST_FILE = "network json/Info.plist";
				LD_RUNPATH_SEARCH_PATHS = "$(inherited) @executable_path/Frameworks";
				PRODUCT_BUNDLE_IDENTIFIER = "com.-Tacademy-Mac.ios.network-json";
				PRODUCT_NAME = "$(TARGET_NAME)";
				SWIFT_VERSION = 3.0;
			};
			name = Release;
		};
/* End XCBuildConfiguration section */

/* Begin XCConfigurationList section */
		7F8EBF091E26059100C48C9B /* Build configuration list for PBXProject "network json" */ = {
			isa = XCConfigurationList;
			buildConfigurations = (
				7F8EBF1E1E26059100C48C9B /* Debug */,
				7F8EBF1F1E26059100C48C9B /* Release */,
			);
			defaultConfigurationIsVisible = 0;
			defaultConfigurationName = Release;
		};
		7F8EBF201E26059100C48C9B /* Build configuration list for PBXNativeTarget "network json" */ = {
			isa = XCConfigurationList;
			buildConfigurations = (
				7F8EBF211E26059100C48C9B /* Debug */,
				7F8EBF221E26059100C48C9B /* Release */,
			);
			defaultConfigurationIsVisible = 0;
		};
/* End XCConfigurationList section */
	};
	rootObject = 7F8EBF061E26059100C48C9B /* Project object */;
}
