// !$*UTF8*$!
{
	archiveVersion = 1;
	classes = {
	};
	objectVersion = 46;
	objects = {

/* Begin PBXBuildFile section */
		7FC52B7C1E1C988F003217A4 /* AppDelegate.swift in Sources */ = {isa = PBXBuildFile; fileRef = 7FC52B7B1E1C988F003217A4 /* AppDelegate.swift */; };
		7FC52B7E1E1C988F003217A4 /* ViewController.swift in Sources */ = {isa = PBXBuildFile; fileRef = 7FC52B7D1E1C988F003217A4 /* ViewController.swift */; };
		7FC52B811E1C988F003217A4 /* Main.storyboard in Resources */ = {isa = PBXBuildFile; fileRef = 7FC52B7F1E1C988F003217A4 /* Main.storyboard */; };
		7FC52B831E1C988F003217A4 /* Assets.xcassets in Resources */ = {isa = PBXBuildFile; fileRef = 7FC52B821E1C988F003217A4 /* Assets.xcassets */; };
		7FC52B861E1C988F003217A4 /* LaunchScreen.storyboard in Resources */ = {isa = PBXBuildFile; fileRef = 7FC52B841E1C988F003217A4 /* LaunchScreen.storyboard */; };
/* End PBXBuildFile section */

/* Begin PBXFileReference section */
		7FC52B781E1C988F003217A4 /* picker datasource.app */ = {isa = PBXFileReference; explicitFileType = wrapper.application; includeInIndex = 0; path = "picker datasource.app"; sourceTree = BUILT_PRODUCTS_DIR; };
		7FC52B7B1E1C988F003217A4 /* AppDelegate.swift */ = {isa = PBXFileReference; lastKnownFileType = sourcecode.swift; path = AppDelegate.swift; sourceTree = "<group>"; };
		7FC52B7D1E1C988F003217A4 /* ViewController.swift */ = {isa = PBXFileReference; lastKnownFileType = sourcecode.swift; path = ViewController.swift; sourceTree = "<group>"; };
		7FC52B801E1C988F003217A4 /* Base */ = {isa = PBXFileReference; lastKnownFileType = file.storyboard; name = Base; path = Base.lproj/Main.storyboard; sourceTree = "<group>"; };
		7FC52B821E1C988F003217A4 /* Assets.xcassets */ = {isa = PBXFileReference; lastKnownFileType = folder.assetcatalog; path = Assets.xcassets; sourceTree = "<group>"; };
		7FC52B851E1C988F003217A4 /* Base */ = {isa = PBXFileReference; lastKnownFileType = file.storyboard; name = Base; path = Base.lproj/LaunchScreen.storyboard; sourceTree = "<group>"; };
		7FC52B871E1C988F003217A4 /* Info.plist */ = {isa = PBXFileReference; lastKnownFileType = text.plist.xml; path = Info.plist; sourceTree = "<group>"; };
/* End PBXFileReference section */

/* Begin PBXFrameworksBuildPhase section */
		7FC52B751E1C988F003217A4 /* Frameworks */ = {
			isa = PBXFrameworksBuildPhase;
			buildActionMask = 2147483647;
			files = (
			);
			runOnlyForDeploymentPostprocessing = 0;
		};
/* End PBXFrameworksBuildPhase section */

/* Begin PBXGroup section */
		7FC52B6F1E1C988F003217A4 = {
			isa = PBXGroup;
			children = (
				7FC52B7A1E1C988F003217A4 /* picker datasource */,
				7FC52B791E1C988F003217A4 /* Products */,
			);
			sourceTree = "<group>";
		};
		7FC52B791E1C988F003217A4 /* Products */ = {
			isa = PBXGroup;
			children = (
				7FC52B781E1C988F003217A4 /* picker datasource.app */,
			);
			name = Products;
			sourceTree = "<group>";
		};
		7FC52B7A1E1C988F003217A4 /* picker datasource */ = {
			isa = PBXGroup;
			children = (
				7FC52B7B1E1C988F003217A4 /* AppDelegate.swift */,
				7FC52B7D1E1C988F003217A4 /* ViewController.swift */,
				7FC52B7F1E1C988F003217A4 /* Main.storyboard */,
				7FC52B821E1C988F003217A4 /* Assets.xcassets */,
				7FC52B841E1C988F003217A4 /* LaunchScreen.storyboard */,
				7FC52B871E1C988F003217A4 /* Info.plist */,
			);
			path = "picker datasource";
			sourceTree = "<group>";
		};
/* End PBXGroup section */

/* Begin PBXNativeTarget section */
		7FC52B771E1C988F003217A4 /* picker datasource */ = {
			isa = PBXNativeTarget;
			buildConfigurationList = 7FC52B8A1E1C988F003217A4 /* Build configuration list for PBXNativeTarget "picker datasource" */;
			buildPhases = (
				7FC52B741E1C988F003217A4 /* Sources */,
				7FC52B751E1C988F003217A4 /* Frameworks */,
				7FC52B761E1C988F003217A4 /* Resources */,
			);
			buildRules = (
			);
			dependencies = (
			);
			name = "picker datasource";
			productName = "picker datasource";
			productReference = 7FC52B781E1C988F003217A4 /* picker datasource.app */;
			productType = "com.apple.product-type.application";
		};
/* End PBXNativeTarget section */

/* Begin PBXProject section */
		7FC52B701E1C988F003217A4 /* Project object */ = {
			isa = PBXProject;
			attributes = {
				LastSwiftUpdateCheck = 0810;
				LastUpgradeCheck = 0810;
				ORGANIZATIONNAME = "Tacademy-Mac";
				TargetAttributes = {
					7FC52B771E1C988F003217A4 = {
						CreatedOnToolsVersion = 8.1;
						ProvisioningStyle = Automatic;
					};
				};
			};
			buildConfigurationList = 7FC52B731E1C988F003217A4 /* Build configuration list for PBXProject "picker datasource" */;
			compatibilityVersion = "Xcode 3.2";
			developmentRegion = English;
			hasScannedForEncodings = 0;
			knownRegions = (
				en,
				Base,
			);
			mainGroup = 7FC52B6F1E1C988F003217A4;
			productRefGroup = 7FC52B791E1C988F003217A4 /* Products */;
			projectDirPath = "";
			projectRoot = "";
			targets = (
				7FC52B771E1C988F003217A4 /* picker datasource */,
			);
		};
/* End PBXProject section */

/* Begin PBXResourcesBuildPhase section */
		7FC52B761E1C988F003217A4 /* Resources */ = {
			isa = PBXResourcesBuildPhase;
			buildActionMask = 2147483647;
			files = (
				7FC52B861E1C988F003217A4 /* LaunchScreen.storyboard in Resources */,
				7FC52B831E1C988F003217A4 /* Assets.xcassets in Resources */,
				7FC52B811E1C988F003217A4 /* Main.storyboard in Resources */,
			);
			runOnlyForDeploymentPostprocessing = 0;
		};
/* End PBXResourcesBuildPhase section */

/* Begin PBXSourcesBuildPhase section */
		7FC52B741E1C988F003217A4 /* Sources */ = {
			isa = PBXSourcesBuildPhase;
			buildActionMask = 2147483647;
			files = (
				7FC52B7E1E1C988F003217A4 /* ViewController.swift in Sources */,
				7FC52B7C1E1C988F003217A4 /* AppDelegate.swift in Sources */,
			);
			runOnlyForDeploymentPostprocessing = 0;
		};
/* End PBXSourcesBuildPhase section */

/* Begin PBXVariantGroup section */
		7FC52B7F1E1C988F003217A4 /* Main.storyboard */ = {
			isa = PBXVariantGroup;
			children = (
				7FC52B801E1C988F003217A4 /* Base */,
			);
			name = Main.storyboard;
			sourceTree = "<group>";
		};
		7FC52B841E1C988F003217A4 /* LaunchScreen.storyboard */ = {
			isa = PBXVariantGroup;
			children = (
				7FC52B851E1C988F003217A4 /* Base */,
			);
			name = LaunchScreen.storyboard;
			sourceTree = "<group>";
		};
/* End PBXVariantGroup section */

/* Begin XCBuildConfiguration section */
		7FC52B881E1C988F003217A4 /* Debug */ = {
			isa = XCBuildConfiguration;
			buildSettings = {
				ALWAYS_SEARCH_USER_PATHS = NO;
				CLANG_ANALYZER_NONNULL = YES;
				CLANG_CXX_LANGUAGE_STANDARD = "gnu++0x";
				CLANG_CXX_LIBRARY = "libc++";
				CLANG_ENABLE_MODULES = YES;
				CLANG_ENABLE_OBJC_ARC = YES;
				CLANG_WARN_BOOL_CONVERSION = YES;
				CLANG_WARN_CONSTANT_CONVERSION = YES;
				CLANG_WARN_DIRECT_OBJC_ISA_USAGE = YES_ERROR;
				CLANG_WARN_DOCUMENTATION_COMMENTS = YES;
				CLANG_WARN_EMPTY_BODY = YES;
				CLANG_WARN_ENUM_CONVERSION = YES;
				CLANG_WARN_INFINITE_RECURSION = YES;
				CLANG_WARN_INT_CONVERSION = YES;
				CLANG_WARN_OBJC_ROOT_CLASS = YES_ERROR;
				CLANG_WARN_SUSPICIOUS_MOVES = YES;
				CLANG_WARN_UNREACHABLE_CODE = YES;
				CLANG_WARN__DUPLICATE_METHOD_MATCH = YES;
				"CODE_SIGN_IDENTITY[sdk=iphoneos*]" = "iPhone Developer";
				COPY_PHASE_STRIP = NO;
				DEBUG_INFORMATION_FORMAT = dwarf;
				ENABLE_STRICT_OBJC_MSGSEND = YES;
				ENABLE_TESTABILITY = YES;
				GCC_C_LANGUAGE_STANDARD = gnu99;
				GCC_DYNAMIC_NO_PIC = NO;
				GCC_NO_COMMON_BLOCKS = YES;
				GCC_OPTIMIZATION_LEVEL = 0;
				GCC_PREPROCESSOR_DEFINITIONS = (
					"DEBUG=1",
					"$(inherited)",
				);
				GCC_WARN_64_TO_32_BIT_CONVERSION = YES;
				GCC_WARN_ABOUT_RETURN_TYPE = YES_ERROR;
				GCC_WARN_UNDECLARED_SELECTOR = YES;
				GCC_WARN_UNINITIALIZED_AUTOS = YES_AGGRESSIVE;
				GCC_WARN_UNUSED_FUNCTION = YES;
				GCC_WARN_UNUSED_VARIABLE = YES;
				IPHONEOS_DEPLOYMENT_TARGET = 10.1;
				MTL_ENABLE_DEBUG_INFO = YES;
				ONLY_ACTIVE_ARCH = YES;
				SDKROOT = iphoneos;
				SWIFT_ACTIVE_COMPILATION_CONDITIONS = DEBUG;
				SWIFT_OPTIMIZATION_LEVEL = "-Onone";
				TARGETED_DEVICE_FAMILY = "1,2";
			};
			name = Debug;
		};
		7FC52B891E1C988F003217A4 /* Release */ = {
			isa = XCBuildConfiguration;
			buildSettings = {
				ALWAYS_SEARCH_USER_PATHS = NO;
				CLANG_ANALYZER_NONNULL = YES;
				CLANG_CXX_LANGUAGE_STANDARD = "gnu++0x";
				CLANG_CXX_LIBRARY = "libc++";
				CLANG_ENABLE_MODULES = YES;
				CLANG_ENABLE_OBJC_ARC = YES;
				CLANG_WARN_BOOL_CONVERSION = YES;
				CLANG_WARN_CONSTANT_CONVERSION = YES;
				CLANG_WARN_DIRECT_OBJC_ISA_USAGE = YES_ERROR;
				CLANG_WARN_DOCUMENTATION_COMMENTS = YES;
				CLANG_WARN_EMPTY_BODY = YES;
				CLANG_WARN_ENUM_CONVERSION = YES;
				CLANG_WARN_INFINITE_RECURSION = YES;
				CLANG_WARN_INT_CONVERSION = YES;
				CLANG_WARN_OBJC_ROOT_CLASS = YES_ERROR;
				CLANG_WARN_SUSPICIOUS_MOVES = YES;
				CLANG_WARN_UNREACHABLE_CODE = YES;
				CLANG_WARN__DUPLICATE_METHOD_MATCH = YES;
				"CODE_SIGN_IDENTITY[sdk=iphoneos*]" = "iPhone Developer";
				COPY_PHASE_STRIP = NO;
				DEBUG_INFORMATION_FORMAT = "dwarf-with-dsym";
				ENABLE_NS_ASSERTIONS = NO;
				ENABLE_STRICT_OBJC_MSGSEND = YES;
				GCC_C_LANGUAGE_STANDARD = gnu99;
				GCC_NO_COMMON_BLOCKS = YES;
				GCC_WARN_64_TO_32_BIT_CONVERSION = YES;
				GCC_WARN_ABOUT_RETURN_TYPE = YES_ERROR;
				GCC_WARN_UNDECLARED_SELECTOR = YES;
				GCC_WARN_UNINITIALIZED_AUTOS = YES_AGGRESSIVE;
				GCC_WARN_UNUSED_FUNCTION = YES;
				GCC_WARN_UNUSED_VARIABLE = YES;
				IPHONEOS_DEPLOYMENT_TARGET = 10.1;
				MTL_ENABLE_DEBUG_INFO = NO;
				SDKROOT = iphoneos;
				SWIFT_OPTIMIZATION_LEVEL = "-Owholemodule";
				TARGETED_DEVICE_FAMILY = "1,2";
				VALIDATE_PRODUCT = YES;
			};
			name = Release;
		};
		7FC52B8B1E1C988F003217A4 /* Debug */ = {
			isa = XCBuildConfiguration;
			buildSettings = {
				ASSETCATALOG_COMPILER_APPICON_NAME = AppIcon;
				INFOPLIST_FILE = "picker datasource/Info.plist";
				LD_RUNPATH_SEARCH_PATHS = "$(inherited) @executable_path/Frameworks";
				PRODUCT_BUNDLE_IDENTIFIER = "com.tacademy.ios.picker-datasource";
				PRODUCT_NAME = "$(TARGET_NAME)";
				SWIFT_VERSION = 3.0;
			};
			name = Debug;
		};
		7FC52B8C1E1C988F003217A4 /* Release */ = {
			isa = XCBuildConfiguration;
			buildSettings = {
				ASSETCATALOG_COMPILER_APPICON_NAME = AppIcon;
				INFOPLIST_FILE = "picker datasource/Info.plist";
				LD_RUNPATH_SEARCH_PATHS = "$(inherited) @executable_path/Frameworks";
				PRODUCT_BUNDLE_IDENTIFIER = "com.tacademy.ios.picker-datasource";
				PRODUCT_NAME = "$(TARGET_NAME)";
				SWIFT_VERSION = 3.0;
			};
			name = Release;
		};
/* End XCBuildConfiguration section */

/* Begin XCConfigurationList section */
		7FC52B731E1C988F003217A4 /* Build configuration list for PBXProject "picker datasource" */ = {
			isa = XCConfigurationList;
			buildConfigurations = (
				7FC52B881E1C988F003217A4 /* Debug */,
				7FC52B891E1C988F003217A4 /* Release */,
			);
			defaultConfigurationIsVisible = 0;
			defaultConfigurationName = Release;
		};
		7FC52B8A1E1C988F003217A4 /* Build configuration list for PBXNativeTarget "picker datasource" */ = {
			isa = XCConfigurationList;
			buildConfigurations = (
				7FC52B8B1E1C988F003217A4 /* Debug */,
				7FC52B8C1E1C988F003217A4 /* Release */,
			);
			defaultConfigurationIsVisible = 0;
		};
/* End XCConfigurationList section */
	};
	rootObject = 7FC52B701E1C988F003217A4 /* Project object */;
}
