// !$*UTF8*$!
{
	archiveVersion = 1;
	classes = {
	};
	objectVersion = 46;
	objects = {

/* Begin PBXBuildFile section */
		7F318AA51E27061C009015CB /* AppDelegate.swift in Sources */ = {isa = PBXBuildFile; fileRef = 7F318AA41E27061C009015CB /* AppDelegate.swift */; };
		7F318AA71E27061C009015CB /* ViewController.swift in Sources */ = {isa = PBXBuildFile; fileRef = 7F318AA61E27061C009015CB /* ViewController.swift */; };
		7F318AAA1E27061C009015CB /* Main.storyboard in Resources */ = {isa = PBXBuildFile; fileRef = 7F318AA81E27061C009015CB /* Main.storyboard */; };
		7F318AAC1E27061C009015CB /* Assets.xcassets in Resources */ = {isa = PBXBuildFile; fileRef = 7F318AAB1E27061C009015CB /* Assets.xcassets */; };
		7F318AAF1E27061C009015CB /* LaunchScreen.storyboard in Resources */ = {isa = PBXBuildFile; fileRef = 7F318AAD1E27061C009015CB /* LaunchScreen.storyboard */; };
/* End PBXBuildFile section */

/* Begin PBXFileReference section */
		7F318AA11E27061C009015CB /* cameraAndPhoto picker.app */ = {isa = PBXFileReference; explicitFileType = wrapper.application; includeInIndex = 0; path = "cameraAndPhoto picker.app"; sourceTree = BUILT_PRODUCTS_DIR; };
		7F318AA41E27061C009015CB /* AppDelegate.swift */ = {isa = PBXFileReference; lastKnownFileType = sourcecode.swift; path = AppDelegate.swift; sourceTree = "<group>"; };
		7F318AA61E27061C009015CB /* ViewController.swift */ = {isa = PBXFileReference; lastKnownFileType = sourcecode.swift; path = ViewController.swift; sourceTree = "<group>"; };
		7F318AA91E27061C009015CB /* Base */ = {isa = PBXFileReference; lastKnownFileType = file.storyboard; name = Base; path = Base.lproj/Main.storyboard; sourceTree = "<group>"; };
		7F318AAB1E27061C009015CB /* Assets.xcassets */ = {isa = PBXFileReference; lastKnownFileType = folder.assetcatalog; path = Assets.xcassets; sourceTree = "<group>"; };
		7F318AAE1E27061C009015CB /* Base */ = {isa = PBXFileReference; lastKnownFileType = file.storyboard; name = Base; path = Base.lproj/LaunchScreen.storyboard; sourceTree = "<group>"; };
		7F318AB01E27061C009015CB /* Info.plist */ = {isa = PBXFileReference; lastKnownFileType = text.plist.xml; path = Info.plist; sourceTree = "<group>"; };
/* End PBXFileReference section */

/* Begin PBXFrameworksBuildPhase section */
		7F318A9E1E27061B009015CB /* Frameworks */ = {
			isa = PBXFrameworksBuildPhase;
			buildActionMask = 2147483647;
			files = (
			);
			runOnlyForDeploymentPostprocessing = 0;
		};
/* End PBXFrameworksBuildPhase section */

/* Begin PBXGroup section */
		7F318A981E27061B009015CB = {
			isa = PBXGroup;
			children = (
				7F318AA31E27061C009015CB /* cameraAndPhoto picker */,
				7F318AA21E27061C009015CB /* Products */,
			);
			sourceTree = "<group>";
		};
		7F318AA21E27061C009015CB /* Products */ = {
			isa = PBXGroup;
			children = (
				7F318AA11E27061C009015CB /* cameraAndPhoto picker.app */,
			);
			name = Products;
			sourceTree = "<group>";
		};
		7F318AA31E27061C009015CB /* cameraAndPhoto picker */ = {
			isa = PBXGroup;
			children = (
				7F318AA41E27061C009015CB /* AppDelegate.swift */,
				7F318AA61E27061C009015CB /* ViewController.swift */,
				7F318AA81E27061C009015CB /* Main.storyboard */,
				7F318AAB1E27061C009015CB /* Assets.xcassets */,
				7F318AAD1E27061C009015CB /* LaunchScreen.storyboard */,
				7F318AB01E27061C009015CB /* Info.plist */,
			);
			path = "cameraAndPhoto picker";
			sourceTree = "<group>";
		};
/* End PBXGroup section */

/* Begin PBXNativeTarget section */
		7F318AA01E27061B009015CB /* cameraAndPhoto picker */ = {
			isa = PBXNativeTarget;
			buildConfigurationList = 7F318AB31E27061C009015CB /* Build configuration list for PBXNativeTarget "cameraAndPhoto picker" */;
			buildPhases = (
				7F318A9D1E27061B009015CB /* Sources */,
				7F318A9E1E27061B009015CB /* Frameworks */,
				7F318A9F1E27061B009015CB /* Resources */,
			);
			buildRules = (
			);
			dependencies = (
			);
			name = "cameraAndPhoto picker";
			productName = "cameraAndPhoto picker";
			productReference = 7F318AA11E27061C009015CB /* cameraAndPhoto picker.app */;
			productType = "com.apple.product-type.application";
		};
/* End PBXNativeTarget section */

/* Begin PBXProject section */
		7F318A991E27061B009015CB /* Project object */ = {
			isa = PBXProject;
			attributes = {
				LastSwiftUpdateCheck = 0810;
				LastUpgradeCheck = 0810;
				ORGANIZATIONNAME = "Tacademy-Mac";
				TargetAttributes = {
					7F318AA01E27061B009015CB = {
						CreatedOnToolsVersion = 8.1;
						ProvisioningStyle = Automatic;
					};
				};
			};
			buildConfigurationList = 7F318A9C1E27061B009015CB /* Build configuration list for PBXProject "cameraAndPhoto picker" */;
			compatibilityVersion = "Xcode 3.2";
			developmentRegion = English;
			hasScannedForEncodings = 0;
			knownRegions = (
				en,
				Base,
			);
			mainGroup = 7F318A981E27061B009015CB;
			productRefGroup = 7F318AA21E27061C009015CB /* Products */;
			projectDirPath = "";
			projectRoot = "";
			targets = (
				7F318AA01E27061B009015CB /* cameraAndPhoto picker */,
			);
		};
/* End PBXProject section */

/* Begin PBXResourcesBuildPhase section */
		7F318A9F1E27061B009015CB /* Resources */ = {
			isa = PBXResourcesBuildPhase;
			buildActionMask = 2147483647;
			files = (
				7F318AAF1E27061C009015CB /* LaunchScreen.storyboard in Resources */,
				7F318AAC1E27061C009015CB /* Assets.xcassets in Resources */,
				7F318AAA1E27061C009015CB /* Main.storyboard in Resources */,
			);
			runOnlyForDeploymentPostprocessing = 0;
		};
/* End PBXResourcesBuildPhase section */

/* Begin PBXSourcesBuildPhase section */
		7F318A9D1E27061B009015CB /* Sources */ = {
			isa = PBXSourcesBuildPhase;
			buildActionMask = 2147483647;
			files = (
				7F318AA71E27061C009015CB /* ViewController.swift in Sources */,
				7F318AA51E27061C009015CB /* AppDelegate.swift in Sources */,
			);
			runOnlyForDeploymentPostprocessing = 0;
		};
/* End PBXSourcesBuildPhase section */

/* Begin PBXVariantGroup section */
		7F318AA81E27061C009015CB /* Main.storyboard */ = {
			isa = PBXVariantGroup;
			children = (
				7F318AA91E27061C009015CB /* Base */,
			);
			name = Main.storyboard;
			sourceTree = "<group>";
		};
		7F318AAD1E27061C009015CB /* LaunchScreen.storyboard */ = {
			isa = PBXVariantGroup;
			children = (
				7F318AAE1E27061C009015CB /* Base */,
			);
			name = LaunchScreen.storyboard;
			sourceTree = "<group>";
		};
/* End PBXVariantGroup section */

/* Begin XCBuildConfiguration section */
		7F318AB11E27061C009015CB /* Debug */ = {
			isa = XCBuildConfiguration;
			buildSettings = {
				ALWAYS_SEARCH_USER_PATHS = NO;
				CLANG_ANALYZER_NONNULL = YES;
				CLANG_CXX_LANGUAGE_STANDARD = "gnu++0x";
				CLANG_CXX_LIBRARY = "libc++";
				CLANG_ENABLE_MODULES = YES;
				CLANG_ENABLE_OBJC_ARC = YES;
				CLANG_WARN_BOOL_CONVERSION = YES;
				CLANG_WARN_CONSTANT_CONVERSION = YES;
				CLANG_WARN_DIRECT_OBJC_ISA_USAGE = YES_ERROR;
				CLANG_WARN_DOCUMENTATION_COMMENTS = YES;
				CLANG_WARN_EMPTY_BODY = YES;
				CLANG_WARN_ENUM_CONVERSION = YES;
				CLANG_WARN_INFINITE_RECURSION = YES;
				CLANG_WARN_INT_CONVERSION = YES;
				CLANG_WARN_OBJC_ROOT_CLASS = YES_ERROR;
				CLANG_WARN_SUSPICIOUS_MOVES = YES;
				CLANG_WARN_UNREACHABLE_CODE = YES;
				CLANG_WARN__DUPLICATE_METHOD_MATCH = YES;
				"CODE_SIGN_IDENTITY[sdk=iphoneos*]" = "iPhone Developer";
				COPY_PHASE_STRIP = NO;
				DEBUG_INFORMATION_FORMAT = dwarf;
				ENABLE_STRICT_OBJC_MSGSEND = YES;
				ENABLE_TESTABILITY = YES;
				GCC_C_LANGUAGE_STANDARD = gnu99;
				GCC_DYNAMIC_NO_PIC = NO;
				GCC_NO_COMMON_BLOCKS = YES;
				GCC_OPTIMIZATION_LEVEL = 0;
				GCC_PREPROCESSOR_DEFINITIONS = (
					"DEBUG=1",
					"$(inherited)",
				);
				GCC_WARN_64_TO_32_BIT_CONVERSION = YES;
				GCC_WARN_ABOUT_RETURN_TYPE = YES_ERROR;
				GCC_WARN_UNDECLARED_SELECTOR = YES;
				GCC_WARN_UNINITIALIZED_AUTOS = YES_AGGRESSIVE;
				GCC_WARN_UNUSED_FUNCTION = YES;
				GCC_WARN_UNUSED_VARIABLE = YES;
				IPHONEOS_DEPLOYMENT_TARGET = 10.1;
				MTL_ENABLE_DEBUG_INFO = YES;
				ONLY_ACTIVE_ARCH = YES;
				SDKROOT = iphoneos;
				SWIFT_ACTIVE_COMPILATION_CONDITIONS = DEBUG;
				SWIFT_OPTIMIZATION_LEVEL = "-Onone";
				TARGETED_DEVICE_FAMILY = "1,2";
			};
			name = Debug;
		};
		7F318AB21E27061C009015CB /* Release */ = {
			isa = XCBuildConfiguration;
			buildSettings = {
				ALWAYS_SEARCH_USER_PATHS = NO;
				CLANG_ANALYZER_NONNULL = YES;
				CLANG_CXX_LANGUAGE_STANDARD = "gnu++0x";
				CLANG_CXX_LIBRARY = "libc++";
				CLANG_ENABLE_MODULES = YES;
				CLANG_ENABLE_OBJC_ARC = YES;
				CLANG_WARN_BOOL_CONVERSION = YES;
				CLANG_WARN_CONSTANT_CONVERSION = YES;
				CLANG_WARN_DIRECT_OBJC_ISA_USAGE = YES_ERROR;
				CLANG_WARN_DOCUMENTATION_COMMENTS = YES;
				CLANG_WARN_EMPTY_BODY = YES;
				CLANG_WARN_ENUM_CONVERSION = YES;
				CLANG_WARN_INFINITE_RECURSION = YES;
				CLANG_WARN_INT_CONVERSION = YES;
				CLANG_WARN_OBJC_ROOT_CLASS = YES_ERROR;
				CLANG_WARN_SUSPICIOUS_MOVES = YES;
				CLANG_WARN_UNREACHABLE_CODE = YES;
				CLANG_WARN__DUPLICATE_METHOD_MATCH = YES;
				"CODE_SIGN_IDENTITY[sdk=iphoneos*]" = "iPhone Developer";
				COPY_PHASE_STRIP = NO;
				DEBUG_INFORMATION_FORMAT = "dwarf-with-dsym";
				ENABLE_NS_ASSERTIONS = NO;
				ENABLE_STRICT_OBJC_MSGSEND = YES;
				GCC_C_LANGUAGE_STANDARD = gnu99;
				GCC_NO_COMMON_BLOCKS = YES;
				GCC_WARN_64_TO_32_BIT_CONVERSION = YES;
				GCC_WARN_ABOUT_RETURN_TYPE = YES_ERROR;
				GCC_WARN_UNDECLARED_SELECTOR = YES;
				GCC_WARN_UNINITIALIZED_AUTOS = YES_AGGRESSIVE;
				GCC_WARN_UNUSED_FUNCTION = YES;
				GCC_WARN_UNUSED_VARIABLE = YES;
				IPHONEOS_DEPLOYMENT_TARGET = 10.1;
				MTL_ENABLE_DEBUG_INFO = NO;
				SDKROOT = iphoneos;
				SWIFT_OPTIMIZATION_LEVEL = "-Owholemodule";
				TARGETED_DEVICE_FAMILY = "1,2";
				VALIDATE_PRODUCT = YES;
			};
			name = Release;
		};
		7F318AB41E27061C009015CB /* Debug */ = {
			isa = XCBuildConfiguration;
			buildSettings = {
				ASSETCATALOG_COMPILER_APPICON_NAME = AppIcon;
				INFOPLIST_FILE = "cameraAndPhoto picker/Info.plist";
				LD_RUNPATH_SEARCH_PATHS = "$(inherited) @executable_path/Frameworks";
				PRODUCT_BUNDLE_IDENTIFIER = "com.-Tacademy-Mac.ios.cameraAndPhoto-picker";
				PRODUCT_NAME = "$(TARGET_NAME)";
				SWIFT_VERSION = 3.0;
			};
			name = Debug;
		};
		7F318AB51E27061C009015CB /* Release */ = {
			isa = XCBuildConfiguration;
			buildSettings = {
				ASSETCATALOG_COMPILER_APPICON_NAME = AppIcon;
				INFOPLIST_FILE = "cameraAndPhoto picker/Info.plist";
				LD_RUNPATH_SEARCH_PATHS = "$(inherited) @executable_path/Frameworks";
				PRODUCT_BUNDLE_IDENTIFIER = "com.-Tacademy-Mac.ios.cameraAndPhoto-picker";
				PRODUCT_NAME = "$(TARGET_NAME)";
				SWIFT_VERSION = 3.0;
			};
			name = Release;
		};
/* End XCBuildConfiguration section */

/* Begin XCConfigurationList section */
		7F318A9C1E27061B009015CB /* Build configuration list for PBXProject "cameraAndPhoto picker" */ = {
			isa = XCConfigurationList;
			buildConfigurations = (
				7F318AB11E27061C009015CB /* Debug */,
				7F318AB21E27061C009015CB /* Release */,
			);
			defaultConfigurationIsVisible = 0;
			defaultConfigurationName = Release;
		};
		7F318AB31E27061C009015CB /* Build configuration list for PBXNativeTarget "cameraAndPhoto picker" */ = {
			isa = XCConfigurationList;
			buildConfigurations = (
				7F318AB41E27061C009015CB /* Debug */,
				7F318AB51E27061C009015CB /* Release */,
			);
			defaultConfigurationIsVisible = 0;
		};
/* End XCConfigurationList section */
	};
	rootObject = 7F318A991E27061B009015CB /* Project object */;
}
