// !$*UTF8*$!
{
	archiveVersion = 1;
	classes = {
	};
	objectVersion = 46;
	objects = {

/* Begin PBXBuildFile section */
		7FBF7EC41E1C7B9F00F51150 /* AppDelegate.swift in Sources */ = {isa = PBXBuildFile; fileRef = 7FBF7EC31E1C7B9F00F51150 /* AppDelegate.swift */; };
		7FBF7EC61E1C7B9F00F51150 /* ViewController.swift in Sources */ = {isa = PBXBuildFile; fileRef = 7FBF7EC51E1C7B9F00F51150 /* ViewController.swift */; };
		7FBF7EC91E1C7B9F00F51150 /* Main.storyboard in Resources */ = {isa = PBXBuildFile; fileRef = 7FBF7EC71E1C7B9F00F51150 /* Main.storyboard */; };
		7FBF7ECB1E1C7B9F00F51150 /* Assets.xcassets in Resources */ = {isa = PBXBuildFile; fileRef = 7FBF7ECA1E1C7B9F00F51150 /* Assets.xcassets */; };
		7FBF7ECE1E1C7B9F00F51150 /* LaunchScreen.storyboard in Resources */ = {isa = PBXBuildFile; fileRef = 7FBF7ECC1E1C7B9F00F51150 /* LaunchScreen.storyboard */; };
/* End PBXBuildFile section */

/* Begin PBXFileReference section */
		7FBF7EC01E1C7B9F00F51150 /* dialong.app */ = {isa = PBXFileReference; explicitFileType = wrapper.application; includeInIndex = 0; path = dialong.app; sourceTree = BUILT_PRODUCTS_DIR; };
		7FBF7EC31E1C7B9F00F51150 /* AppDelegate.swift */ = {isa = PBXFileReference; lastKnownFileType = sourcecode.swift; path = AppDelegate.swift; sourceTree = "<group>"; };
		7FBF7EC51E1C7B9F00F51150 /* ViewController.swift */ = {isa = PBXFileReference; lastKnownFileType = sourcecode.swift; path = ViewController.swift; sourceTree = "<group>"; };
		7FBF7EC81E1C7B9F00F51150 /* Base */ = {isa = PBXFileReference; lastKnownFileType = file.storyboard; name = Base; path = Base.lproj/Main.storyboard; sourceTree = "<group>"; };
		7FBF7ECA1E1C7B9F00F51150 /* Assets.xcassets */ = {isa = PBXFileReference; lastKnownFileType = folder.assetcatalog; path = Assets.xcassets; sourceTree = "<group>"; };
		7FBF7ECD1E1C7B9F00F51150 /* Base */ = {isa = PBXFileReference; lastKnownFileType = file.storyboard; name = Base; path = Base.lproj/LaunchScreen.storyboard; sourceTree = "<group>"; };
		7FBF7ECF1E1C7B9F00F51150 /* Info.plist */ = {isa = PBXFileReference; lastKnownFileType = text.plist.xml; path = Info.plist; sourceTree = "<group>"; };
/* End PBXFileReference section */

/* Begin PBXFrameworksBuildPhase section */
		7FBF7EBD1E1C7B9F00F51150 /* Frameworks */ = {
			isa = PBXFrameworksBuildPhase;
			buildActionMask = 2147483647;
			files = (
			);
			runOnlyForDeploymentPostprocessing = 0;
		};
/* End PBXFrameworksBuildPhase section */

/* Begin PBXGroup section */
		7FBF7EB71E1C7B9F00F51150 = {
			isa = PBXGroup;
			children = (
				7FBF7EC21E1C7B9F00F51150 /* dialong */,
				7FBF7EC11E1C7B9F00F51150 /* Products */,
			);
			sourceTree = "<group>";
		};
		7FBF7EC11E1C7B9F00F51150 /* Products */ = {
			isa = PBXGroup;
			children = (
				7FBF7EC01E1C7B9F00F51150 /* dialong.app */,
			);
			name = Products;
			sourceTree = "<group>";
		};
		7FBF7EC21E1C7B9F00F51150 /* dialong */ = {
			isa = PBXGroup;
			children = (
				7FBF7EC31E1C7B9F00F51150 /* AppDelegate.swift */,
				7FBF7EC51E1C7B9F00F51150 /* ViewController.swift */,
				7FBF7EC71E1C7B9F00F51150 /* Main.storyboard */,
				7FBF7ECA1E1C7B9F00F51150 /* Assets.xcassets */,
				7FBF7ECC1E1C7B9F00F51150 /* LaunchScreen.storyboard */,
				7FBF7ECF1E1C7B9F00F51150 /* Info.plist */,
			);
			path = dialong;
			sourceTree = "<group>";
		};
/* End PBXGroup section */

/* Begin PBXNativeTarget section */
		7FBF7EBF1E1C7B9F00F51150 /* dialong */ = {
			isa = PBXNativeTarget;
			buildConfigurationList = 7FBF7ED21E1C7B9F00F51150 /* Build configuration list for PBXNativeTarget "dialong" */;
			buildPhases = (
				7FBF7EBC1E1C7B9F00F51150 /* Sources */,
				7FBF7EBD1E1C7B9F00F51150 /* Frameworks */,
				7FBF7EBE1E1C7B9F00F51150 /* Resources */,
			);
			buildRules = (
			);
			dependencies = (
			);
			name = dialong;
			productName = dialong;
			productReference = 7FBF7EC01E1C7B9F00F51150 /* dialong.app */;
			productType = "com.apple.product-type.application";
		};
/* End PBXNativeTarget section */

/* Begin PBXProject section */
		7FBF7EB81E1C7B9F00F51150 /* Project object */ = {
			isa = PBXProject;
			attributes = {
				LastSwiftUpdateCheck = 0810;
				LastUpgradeCheck = 0810;
				ORGANIZATIONNAME = "Tacademy-Mac";
				TargetAttributes = {
					7FBF7EBF1E1C7B9F00F51150 = {
						CreatedOnToolsVersion = 8.1;
						ProvisioningStyle = Automatic;
					};
				};
			};
			buildConfigurationList = 7FBF7EBB1E1C7B9F00F51150 /* Build configuration list for PBXProject "dialong" */;
			compatibilityVersion = "Xcode 3.2";
			developmentRegion = English;
			hasScannedForEncodings = 0;
			knownRegions = (
				en,
				Base,
			);
			mainGroup = 7FBF7EB71E1C7B9F00F51150;
			productRefGroup = 7FBF7EC11E1C7B9F00F51150 /* Products */;
			projectDirPath = "";
			projectRoot = "";
			targets = (
				7FBF7EBF1E1C7B9F00F51150 /* dialong */,
			);
		};
/* End PBXProject section */

/* Begin PBXResourcesBuildPhase section */
		7FBF7EBE1E1C7B9F00F51150 /* Resources */ = {
			isa = PBXResourcesBuildPhase;
			buildActionMask = 2147483647;
			files = (
				7FBF7ECE1E1C7B9F00F51150 /* LaunchScreen.storyboard in Resources */,
				7FBF7ECB1E1C7B9F00F51150 /* Assets.xcassets in Resources */,
				7FBF7EC91E1C7B9F00F51150 /* Main.storyboard in Resources */,
			);
			runOnlyForDeploymentPostprocessing = 0;
		};
/* End PBXResourcesBuildPhase section */

/* Begin PBXSourcesBuildPhase section */
		7FBF7EBC1E1C7B9F00F51150 /* Sources */ = {
			isa = PBXSourcesBuildPhase;
			buildActionMask = 2147483647;
			files = (
				7FBF7EC61E1C7B9F00F51150 /* ViewController.swift in Sources */,
				7FBF7EC41E1C7B9F00F51150 /* AppDelegate.swift in Sources */,
			);
			runOnlyForDeploymentPostprocessing = 0;
		};
/* End PBXSourcesBuildPhase section */

/* Begin PBXVariantGroup section */
		7FBF7EC71E1C7B9F00F51150 /* Main.storyboard */ = {
			isa = PBXVariantGroup;
			children = (
				7FBF7EC81E1C7B9F00F51150 /* Base */,
			);
			name = Main.storyboard;
			sourceTree = "<group>";
		};
		7FBF7ECC1E1C7B9F00F51150 /* LaunchScreen.storyboard */ = {
			isa = PBXVariantGroup;
			children = (
				7FBF7ECD1E1C7B9F00F51150 /* Base */,
			);
			name = LaunchScreen.storyboard;
			sourceTree = "<group>";
		};
/* End PBXVariantGroup section */

/* Begin XCBuildConfiguration section */
		7FBF7ED01E1C7B9F00F51150 /* Debug */ = {
			isa = XCBuildConfiguration;
			buildSettings = {
				ALWAYS_SEARCH_USER_PATHS = NO;
				CLANG_ANALYZER_NONNULL = YES;
				CLANG_CXX_LANGUAGE_STANDARD = "gnu++0x";
				CLANG_CXX_LIBRARY = "libc++";
				CLANG_ENABLE_MODULES = YES;
				CLANG_ENABLE_OBJC_ARC = YES;
				CLANG_WARN_BOOL_CONVERSION = YES;
				CLANG_WARN_CONSTANT_CONVERSION = YES;
				CLANG_WARN_DIRECT_OBJC_ISA_USAGE = YES_ERROR;
				CLANG_WARN_DOCUMENTATION_COMMENTS = YES;
				CLANG_WARN_EMPTY_BODY = YES;
				CLANG_WARN_ENUM_CONVERSION = YES;
				CLANG_WARN_INFINITE_RECURSION = YES;
				CLANG_WARN_INT_CONVERSION = YES;
				CLANG_WARN_OBJC_ROOT_CLASS = YES_ERROR;
				CLANG_WARN_SUSPICIOUS_MOVES = YES;
				CLANG_WARN_UNREACHABLE_CODE = YES;
				CLANG_WARN__DUPLICATE_METHOD_MATCH = YES;
				"CODE_SIGN_IDENTITY[sdk=iphoneos*]" = "iPhone Developer";
				COPY_PHASE_STRIP = NO;
				DEBUG_INFORMATION_FORMAT = dwarf;
				ENABLE_STRICT_OBJC_MSGSEND = YES;
				ENABLE_TESTABILITY = YES;
				GCC_C_LANGUAGE_STANDARD = gnu99;
				GCC_DYNAMIC_NO_PIC = NO;
				GCC_NO_COMMON_BLOCKS = YES;
				GCC_OPTIMIZATION_LEVEL = 0;
				GCC_PREPROCESSOR_DEFINITIONS = (
					"DEBUG=1",
					"$(inherited)",
				);
				GCC_WARN_64_TO_32_BIT_CONVERSION = YES;
				GCC_WARN_ABOUT_RETURN_TYPE = YES_ERROR;
				GCC_WARN_UNDECLARED_SELECTOR = YES;
				GCC_WARN_UNINITIALIZED_AUTOS = YES_AGGRESSIVE;
				GCC_WARN_UNUSED_FUNCTION = YES;
				GCC_WARN_UNUSED_VARIABLE = YES;
				IPHONEOS_DEPLOYMENT_TARGET = 10.1;
				MTL_ENABLE_DEBUG_INFO = YES;
				ONLY_ACTIVE_ARCH = YES;
				SDKROOT = iphoneos;
				SWIFT_ACTIVE_COMPILATION_CONDITIONS = DEBUG;
				SWIFT_OPTIMIZATION_LEVEL = "-Onone";
				TARGETED_DEVICE_FAMILY = "1,2";
			};
			name = Debug;
		};
		7FBF7ED11E1C7B9F00F51150 /* Release */ = {
			isa = XCBuildConfiguration;
			buildSettings = {
				ALWAYS_SEARCH_USER_PATHS = NO;
				CLANG_ANALYZER_NONNULL = YES;
				CLANG_CXX_LANGUAGE_STANDARD = "gnu++0x";
				CLANG_CXX_LIBRARY = "libc++";
				CLANG_ENABLE_MODULES = YES;
				CLANG_ENABLE_OBJC_ARC = YES;
				CLANG_WARN_BOOL_CONVERSION = YES;
				CLANG_WARN_CONSTANT_CONVERSION = YES;
				CLANG_WARN_DIRECT_OBJC_ISA_USAGE = YES_ERROR;
				CLANG_WARN_DOCUMENTATION_COMMENTS = YES;
				CLANG_WARN_EMPTY_BODY = YES;
				CLANG_WARN_ENUM_CONVERSION = YES;
				CLANG_WARN_INFINITE_RECURSION = YES;
				CLANG_WARN_INT_CONVERSION = YES;
				CLANG_WARN_OBJC_ROOT_CLASS = YES_ERROR;
				CLANG_WARN_SUSPICIOUS_MOVES = YES;
				CLANG_WARN_UNREACHABLE_CODE = YES;
				CLANG_WARN__DUPLICATE_METHOD_MATCH = YES;
				"CODE_SIGN_IDENTITY[sdk=iphoneos*]" = "iPhone Developer";
				COPY_PHASE_STRIP = NO;
				DEBUG_INFORMATION_FORMAT = "dwarf-with-dsym";
				ENABLE_NS_ASSERTIONS = NO;
				ENABLE_STRICT_OBJC_MSGSEND = YES;
				GCC_C_LANGUAGE_STANDARD = gnu99;
				GCC_NO_COMMON_BLOCKS = YES;
				GCC_WARN_64_TO_32_BIT_CONVERSION = YES;
				GCC_WARN_ABOUT_RETURN_TYPE = YES_ERROR;
				GCC_WARN_UNDECLARED_SELECTOR = YES;
				GCC_WARN_UNINITIALIZED_AUTOS = YES_AGGRESSIVE;
				GCC_WARN_UNUSED_FUNCTION = YES;
				GCC_WARN_UNUSED_VARIABLE = YES;
				IPHONEOS_DEPLOYMENT_TARGET = 10.1;
				MTL_ENABLE_DEBUG_INFO = NO;
				SDKROOT = iphoneos;
				SWIFT_OPTIMIZATION_LEVEL = "-Owholemodule";
				TARGETED_DEVICE_FAMILY = "1,2";
				VALIDATE_PRODUCT = YES;
			};
			name = Release;
		};
		7FBF7ED31E1C7B9F00F51150 /* Debug */ = {
			isa = XCBuildConfiguration;
			buildSettings = {
				ASSETCATALOG_COMPILER_APPICON_NAME = AppIcon;
				INFOPLIST_FILE = dialong/Info.plist;
				LD_RUNPATH_SEARCH_PATHS = "$(inherited) @executable_path/Frameworks";
				PRODUCT_BUNDLE_IDENTIFIER = com.tacademy.ios.dialong;
				PRODUCT_NAME = "$(TARGET_NAME)";
				SWIFT_VERSION = 3.0;
			};
			name = Debug;
		};
		7FBF7ED41E1C7B9F00F51150 /* Release */ = {
			isa = XCBuildConfiguration;
			buildSettings = {
				ASSETCATALOG_COMPILER_APPICON_NAME = AppIcon;
				INFOPLIST_FILE = dialong/Info.plist;
				LD_RUNPATH_SEARCH_PATHS = "$(inherited) @executable_path/Frameworks";
				PRODUCT_BUNDLE_IDENTIFIER = com.tacademy.ios.dialong;
				PRODUCT_NAME = "$(TARGET_NAME)";
				SWIFT_VERSION = 3.0;
			};
			name = Release;
		};
/* End XCBuildConfiguration section */

/* Begin XCConfigurationList section */
		7FBF7EBB1E1C7B9F00F51150 /* Build configuration list for PBXProject "dialong" */ = {
			isa = XCConfigurationList;
			buildConfigurations = (
				7FBF7ED01E1C7B9F00F51150 /* Debug */,
				7FBF7ED11E1C7B9F00F51150 /* Release */,
			);
			defaultConfigurationIsVisible = 0;
			defaultConfigurationName = Release;
		};
		7FBF7ED21E1C7B9F00F51150 /* Build configuration list for PBXNativeTarget "dialong" */ = {
			isa = XCConfigurationList;
			buildConfigurations = (
				7FBF7ED31E1C7B9F00F51150 /* Debug */,
				7FBF7ED41E1C7B9F00F51150 /* Release */,
			);
			defaultConfigurationIsVisible = 0;
		};
/* End XCConfigurationList section */
	};
	rootObject = 7FBF7EB81E1C7B9F00F51150 /* Project object */;
}
