// !$*UTF8*$!
{
	archiveVersion = 1;
	classes = {
	};
	objectVersion = 46;
	objects = {

/* Begin PBXBuildFile section */
		7F26965A1E1A337C00482AA9 /* AppDelegate.swift in Sources */ = {isa = PBXBuildFile; fileRef = 7F2696591E1A337C00482AA9 /* AppDelegate.swift */; };
		7F26965C1E1A337C00482AA9 /* ViewController.swift in Sources */ = {isa = PBXBuildFile; fileRef = 7F26965B1E1A337C00482AA9 /* ViewController.swift */; };
		7F26965F1E1A337C00482AA9 /* Main.storyboard in Resources */ = {isa = PBXBuildFile; fileRef = 7F26965D1E1A337C00482AA9 /* Main.storyboard */; };
		7F2696611E1A337C00482AA9 /* Assets.xcassets in Resources */ = {isa = PBXBuildFile; fileRef = 7F2696601E1A337C00482AA9 /* Assets.xcassets */; };
		7F2696641E1A337C00482AA9 /* LaunchScreen.storyboard in Resources */ = {isa = PBXBuildFile; fileRef = 7F2696621E1A337C00482AA9 /* LaunchScreen.storyboard */; };
/* End PBXBuildFile section */

/* Begin PBXFileReference section */
		7F2696561E1A337C00482AA9 /* day1_2.app */ = {isa = PBXFileReference; explicitFileType = wrapper.application; includeInIndex = 0; path = day1_2.app; sourceTree = BUILT_PRODUCTS_DIR; };
		7F2696591E1A337C00482AA9 /* AppDelegate.swift */ = {isa = PBXFileReference; lastKnownFileType = sourcecode.swift; path = AppDelegate.swift; sourceTree = "<group>"; };
		7F26965B1E1A337C00482AA9 /* ViewController.swift */ = {isa = PBXFileReference; lastKnownFileType = sourcecode.swift; path = ViewController.swift; sourceTree = "<group>"; };
		7F26965E1E1A337C00482AA9 /* Base */ = {isa = PBXFileReference; lastKnownFileType = file.storyboard; name = Base; path = Base.lproj/Main.storyboard; sourceTree = "<group>"; };
		7F2696601E1A337C00482AA9 /* Assets.xcassets */ = {isa = PBXFileReference; lastKnownFileType = folder.assetcatalog; path = Assets.xcassets; sourceTree = "<group>"; };
		7F2696631E1A337C00482AA9 /* Base */ = {isa = PBXFileReference; lastKnownFileType = file.storyboard; name = Base; path = Base.lproj/LaunchScreen.storyboard; sourceTree = "<group>"; };
		7F2696651E1A337C00482AA9 /* Info.plist */ = {isa = PBXFileReference; lastKnownFileType = text.plist.xml; path = Info.plist; sourceTree = "<group>"; };
/* End PBXFileReference section */

/* Begin PBXFrameworksBuildPhase section */
		7F2696531E1A337C00482AA9 /* Frameworks */ = {
			isa = PBXFrameworksBuildPhase;
			buildActionMask = 2147483647;
			files = (
			);
			runOnlyForDeploymentPostprocessing = 0;
		};
/* End PBXFrameworksBuildPhase section */

/* Begin PBXGroup section */
		7F26964D1E1A337C00482AA9 = {
			isa = PBXGroup;
			children = (
				7F2696581E1A337C00482AA9 /* day1_2 */,
				7F2696571E1A337C00482AA9 /* Products */,
			);
			sourceTree = "<group>";
		};
		7F2696571E1A337C00482AA9 /* Products */ = {
			isa = PBXGroup;
			children = (
				7F2696561E1A337C00482AA9 /* day1_2.app */,
			);
			name = Products;
			sourceTree = "<group>";
		};
		7F2696581E1A337C00482AA9 /* day1_2 */ = {
			isa = PBXGroup;
			children = (
				7F2696591E1A337C00482AA9 /* AppDelegate.swift */,
				7F26965B1E1A337C00482AA9 /* ViewController.swift */,
				7F26965D1E1A337C00482AA9 /* Main.storyboard */,
				7F2696601E1A337C00482AA9 /* Assets.xcassets */,
				7F2696621E1A337C00482AA9 /* LaunchScreen.storyboard */,
				7F2696651E1A337C00482AA9 /* Info.plist */,
			);
			path = day1_2;
			sourceTree = "<group>";
		};
/* End PBXGroup section */

/* Begin PBXNativeTarget section */
		7F2696551E1A337C00482AA9 /* day1_2 */ = {
			isa = PBXNativeTarget;
			buildConfigurationList = 7F2696681E1A337C00482AA9 /* Build configuration list for PBXNativeTarget "day1_2" */;
			buildPhases = (
				7F2696521E1A337C00482AA9 /* Sources */,
				7F2696531E1A337C00482AA9 /* Frameworks */,
				7F2696541E1A337C00482AA9 /* Resources */,
			);
			buildRules = (
			);
			dependencies = (
			);
			name = day1_2;
			productName = day1_2;
			productReference = 7F2696561E1A337C00482AA9 /* day1_2.app */;
			productType = "com.apple.product-type.application";
		};
/* End PBXNativeTarget section */

/* Begin PBXProject section */
		7F26964E1E1A337C00482AA9 /* Project object */ = {
			isa = PBXProject;
			attributes = {
				LastSwiftUpdateCheck = 0810;
				LastUpgradeCheck = 0810;
				ORGANIZATIONNAME = "Tacademy-Mac";
				TargetAttributes = {
					7F2696551E1A337C00482AA9 = {
						CreatedOnToolsVersion = 8.1;
						ProvisioningStyle = Automatic;
					};
				};
			};
			buildConfigurationList = 7F2696511E1A337C00482AA9 /* Build configuration list for PBXProject "day1_2" */;
			compatibilityVersion = "Xcode 3.2";
			developmentRegion = English;
			hasScannedForEncodings = 0;
			knownRegions = (
				en,
				Base,
			);
			mainGroup = 7F26964D1E1A337C00482AA9;
			productRefGroup = 7F2696571E1A337C00482AA9 /* Products */;
			projectDirPath = "";
			projectRoot = "";
			targets = (
				7F2696551E1A337C00482AA9 /* day1_2 */,
			);
		};
/* End PBXProject section */

/* Begin PBXResourcesBuildPhase section */
		7F2696541E1A337C00482AA9 /* Resources */ = {
			isa = PBXResourcesBuildPhase;
			buildActionMask = 2147483647;
			files = (
				7F2696641E1A337C00482AA9 /* LaunchScreen.storyboard in Resources */,
				7F2696611E1A337C00482AA9 /* Assets.xcassets in Resources */,
				7F26965F1E1A337C00482AA9 /* Main.storyboard in Resources */,
			);
			runOnlyForDeploymentPostprocessing = 0;
		};
/* End PBXResourcesBuildPhase section */

/* Begin PBXSourcesBuildPhase section */
		7F2696521E1A337C00482AA9 /* Sources */ = {
			isa = PBXSourcesBuildPhase;
			buildActionMask = 2147483647;
			files = (
				7F26965C1E1A337C00482AA9 /* ViewController.swift in Sources */,
				7F26965A1E1A337C00482AA9 /* AppDelegate.swift in Sources */,
			);
			runOnlyForDeploymentPostprocessing = 0;
		};
/* End PBXSourcesBuildPhase section */

/* Begin PBXVariantGroup section */
		7F26965D1E1A337C00482AA9 /* Main.storyboard */ = {
			isa = PBXVariantGroup;
			children = (
				7F26965E1E1A337C00482AA9 /* Base */,
			);
			name = Main.storyboard;
			sourceTree = "<group>";
		};
		7F2696621E1A337C00482AA9 /* LaunchScreen.storyboard */ = {
			isa = PBXVariantGroup;
			children = (
				7F2696631E1A337C00482AA9 /* Base */,
			);
			name = LaunchScreen.storyboard;
			sourceTree = "<group>";
		};
/* End PBXVariantGroup section */

/* Begin XCBuildConfiguration section */
		7F2696661E1A337C00482AA9 /* Debug */ = {
			isa = XCBuildConfiguration;
			buildSettings = {
				ALWAYS_SEARCH_USER_PATHS = NO;
				CLANG_ANALYZER_NONNULL = YES;
				CLANG_CXX_LANGUAGE_STANDARD = "gnu++0x";
				CLANG_CXX_LIBRARY = "libc++";
				CLANG_ENABLE_MODULES = YES;
				CLANG_ENABLE_OBJC_ARC = YES;
				CLANG_WARN_BOOL_CONVERSION = YES;
				CLANG_WARN_CONSTANT_CONVERSION = YES;
				CLANG_WARN_DIRECT_OBJC_ISA_USAGE = YES_ERROR;
				CLANG_WARN_DOCUMENTATION_COMMENTS = YES;
				CLANG_WARN_EMPTY_BODY = YES;
				CLANG_WARN_ENUM_CONVERSION = YES;
				CLANG_WARN_INFINITE_RECURSION = YES;
				CLANG_WARN_INT_CONVERSION = YES;
				CLANG_WARN_OBJC_ROOT_CLASS = YES_ERROR;
				CLANG_WARN_SUSPICIOUS_MOVES = YES;
				CLANG_WARN_UNREACHABLE_CODE = YES;
				CLANG_WARN__DUPLICATE_METHOD_MATCH = YES;
				"CODE_SIGN_IDENTITY[sdk=iphoneos*]" = "iPhone Developer";
				COPY_PHASE_STRIP = NO;
				DEBUG_INFORMATION_FORMAT = dwarf;
				ENABLE_STRICT_OBJC_MSGSEND = YES;
				ENABLE_TESTABILITY = YES;
				GCC_C_LANGUAGE_STANDARD = gnu99;
				GCC_DYNAMIC_NO_PIC = NO;
				GCC_NO_COMMON_BLOCKS = YES;
				GCC_OPTIMIZATION_LEVEL = 0;
				GCC_PREPROCESSOR_DEFINITIONS = (
					"DEBUG=1",
					"$(inherited)",
				);
				GCC_WARN_64_TO_32_BIT_CONVERSION = YES;
				GCC_WARN_ABOUT_RETURN_TYPE = YES_ERROR;
				GCC_WARN_UNDECLARED_SELECTOR = YES;
				GCC_WARN_UNINITIALIZED_AUTOS = YES_AGGRESSIVE;
				GCC_WARN_UNUSED_FUNCTION = YES;
				GCC_WARN_UNUSED_VARIABLE = YES;
				IPHONEOS_DEPLOYMENT_TARGET = 10.1;
				MTL_ENABLE_DEBUG_INFO = YES;
				ONLY_ACTIVE_ARCH = YES;
				SDKROOT = iphoneos;
				SWIFT_ACTIVE_COMPILATION_CONDITIONS = DEBUG;
				SWIFT_OPTIMIZATION_LEVEL = "-Onone";
			};
			name = Debug;
		};
		7F2696671E1A337C00482AA9 /* Release */ = {
			isa = XCBuildConfiguration;
			buildSettings = {
				ALWAYS_SEARCH_USER_PATHS = NO;
				CLANG_ANALYZER_NONNULL = YES;
				CLANG_CXX_LANGUAGE_STANDARD = "gnu++0x";
				CLANG_CXX_LIBRARY = "libc++";
				CLANG_ENABLE_MODULES = YES;
				CLANG_ENABLE_OBJC_ARC = YES;
				CLANG_WARN_BOOL_CONVERSION = YES;
				CLANG_WARN_CONSTANT_CONVERSION = YES;
				CLANG_WARN_DIRECT_OBJC_ISA_USAGE = YES_ERROR;
				CLANG_WARN_DOCUMENTATION_COMMENTS = YES;
				CLANG_WARN_EMPTY_BODY = YES;
				CLANG_WARN_ENUM_CONVERSION = YES;
				CLANG_WARN_INFINITE_RECURSION = YES;
				CLANG_WARN_INT_CONVERSION = YES;
				CLANG_WARN_OBJC_ROOT_CLASS = YES_ERROR;
				CLANG_WARN_SUSPICIOUS_MOVES = YES;
				CLANG_WARN_UNREACHABLE_CODE = YES;
				CLANG_WARN__DUPLICATE_METHOD_MATCH = YES;
				"CODE_SIGN_IDENTITY[sdk=iphoneos*]" = "iPhone Developer";
				COPY_PHASE_STRIP = NO;
				DEBUG_INFORMATION_FORMAT = "dwarf-with-dsym";
				ENABLE_NS_ASSERTIONS = NO;
				ENABLE_STRICT_OBJC_MSGSEND = YES;
				GCC_C_LANGUAGE_STANDARD = gnu99;
				GCC_NO_COMMON_BLOCKS = YES;
				GCC_WARN_64_TO_32_BIT_CONVERSION = YES;
				GCC_WARN_ABOUT_RETURN_TYPE = YES_ERROR;
				GCC_WARN_UNDECLARED_SELECTOR = YES;
				GCC_WARN_UNINITIALIZED_AUTOS = YES_AGGRESSIVE;
				GCC_WARN_UNUSED_FUNCTION = YES;
				GCC_WARN_UNUSED_VARIABLE = YES;
				IPHONEOS_DEPLOYMENT_TARGET = 10.1;
				MTL_ENABLE_DEBUG_INFO = NO;
				SDKROOT = iphoneos;
				SWIFT_OPTIMIZATION_LEVEL = "-Owholemodule";
				VALIDATE_PRODUCT = YES;
			};
			name = Release;
		};
		7F2696691E1A337C00482AA9 /* Debug */ = {
			isa = XCBuildConfiguration;
			buildSettings = {
				ASSETCATALOG_COMPILER_APPICON_NAME = AppIcon;
				INFOPLIST_FILE = day1_2/Info.plist;
				LD_RUNPATH_SEARCH_PATHS = "$(inherited) @executable_path/Frameworks";
				PRODUCT_BUNDLE_IDENTIFIER = "com.tacademy.ios.day1-2";
				PRODUCT_NAME = "$(TARGET_NAME)";
				SWIFT_VERSION = 3.0;
			};
			name = Debug;
		};
		7F26966A1E1A337C00482AA9 /* Release */ = {
			isa = XCBuildConfiguration;
			buildSettings = {
				ASSETCATALOG_COMPILER_APPICON_NAME = AppIcon;
				INFOPLIST_FILE = day1_2/Info.plist;
				LD_RUNPATH_SEARCH_PATHS = "$(inherited) @executable_path/Frameworks";
				PRODUCT_BUNDLE_IDENTIFIER = "com.tacademy.ios.day1-2";
				PRODUCT_NAME = "$(TARGET_NAME)";
				SWIFT_VERSION = 3.0;
			};
			name = Release;
		};
/* End XCBuildConfiguration section */

/* Begin XCConfigurationList section */
		7F2696511E1A337C00482AA9 /* Build configuration list for PBXProject "day1_2" */ = {
			isa = XCConfigurationList;
			buildConfigurations = (
				7F2696661E1A337C00482AA9 /* Debug */,
				7F2696671E1A337C00482AA9 /* Release */,
			);
			defaultConfigurationIsVisible = 0;
			defaultConfigurationName = Release;
		};
		7F2696681E1A337C00482AA9 /* Build configuration list for PBXNativeTarget "day1_2" */ = {
			isa = XCConfigurationList;
			buildConfigurations = (
				7F2696691E1A337C00482AA9 /* Debug */,
				7F26966A1E1A337C00482AA9 /* Release */,
			);
			defaultConfigurationIsVisible = 0;
		};
/* End XCConfigurationList section */
	};
	rootObject = 7F26964E1E1A337C00482AA9 /* Project object */;
}
