// !$*UTF8*$!
{
	archiveVersion = 1;
	classes = {
	};
	objectVersion = 46;
	objects = {

/* Begin PBXBuildFile section */
		7F4B0ABE1E1F83D700A69845 /* AppDelegate.swift in Sources */ = {isa = PBXBuildFile; fileRef = 7F4B0ABD1E1F83D700A69845 /* AppDelegate.swift */; };
		7F4B0AC01E1F83D700A69845 /* ViewController.swift in Sources */ = {isa = PBXBuildFile; fileRef = 7F4B0ABF1E1F83D700A69845 /* ViewController.swift */; };
		7F4B0AC31E1F83D700A69845 /* Main.storyboard in Resources */ = {isa = PBXBuildFile; fileRef = 7F4B0AC11E1F83D700A69845 /* Main.storyboard */; };
		7F4B0AC51E1F83D700A69845 /* Assets.xcassets in Resources */ = {isa = PBXBuildFile; fileRef = 7F4B0AC41E1F83D700A69845 /* Assets.xcassets */; };
		7F4B0AC81E1F83D700A69845 /* LaunchScreen.storyboard in Resources */ = {isa = PBXBuildFile; fileRef = 7F4B0AC61E1F83D700A69845 /* LaunchScreen.storyboard */; };
		7F4B0AD31E1F83D700A69845 /* unitTestTests.swift in Sources */ = {isa = PBXBuildFile; fileRef = 7F4B0AD21E1F83D700A69845 /* unitTestTests.swift */; };
		7F4B0ADE1E1F840D00A69845 /* ViewController.swift in Sources */ = {isa = PBXBuildFile; fileRef = 7F4B0ADD1E1F840D00A69845 /* ViewController.swift */; };
/* End PBXBuildFile section */

/* Begin PBXContainerItemProxy section */
		7F4B0ACF1E1F83D700A69845 /* PBXContainerItemProxy */ = {
			isa = PBXContainerItemProxy;
			containerPortal = 7F4B0AB21E1F83D700A69845 /* Project object */;
			proxyType = 1;
			remoteGlobalIDString = 7F4B0AB91E1F83D700A69845;
			remoteInfo = unitTest;
		};
/* End PBXContainerItemProxy section */

/* Begin PBXFileReference section */
		7F4B0ABA1E1F83D700A69845 /* unitTest.app */ = {isa = PBXFileReference; explicitFileType = wrapper.application; includeInIndex = 0; path = unitTest.app; sourceTree = BUILT_PRODUCTS_DIR; };
		7F4B0ABD1E1F83D700A69845 /* AppDelegate.swift */ = {isa = PBXFileReference; lastKnownFileType = sourcecode.swift; path = AppDelegate.swift; sourceTree = "<group>"; };
		7F4B0ABF1E1F83D700A69845 /* ViewController.swift */ = {isa = PBXFileReference; lastKnownFileType = sourcecode.swift; path = ViewController.swift; sourceTree = "<group>"; };
		7F4B0AC21E1F83D700A69845 /* Base */ = {isa = PBXFileReference; lastKnownFileType = file.storyboard; name = Base; path = Base.lproj/Main.storyboard; sourceTree = "<group>"; };
		7F4B0AC41E1F83D700A69845 /* Assets.xcassets */ = {isa = PBXFileReference; lastKnownFileType = folder.assetcatalog; path = Assets.xcassets; sourceTree = "<group>"; };
		7F4B0AC71E1F83D700A69845 /* Base */ = {isa = PBXFileReference; lastKnownFileType = file.storyboard; name = Base; path = Base.lproj/LaunchScreen.storyboard; sourceTree = "<group>"; };
		7F4B0AC91E1F83D700A69845 /* Info.plist */ = {isa = PBXFileReference; lastKnownFileType = text.plist.xml; path = Info.plist; sourceTree = "<group>"; };
		7F4B0ACE1E1F83D700A69845 /* unitTestTests.xctest */ = {isa = PBXFileReference; explicitFileType = wrapper.cfbundle; includeInIndex = 0; path = unitTestTests.xctest; sourceTree = BUILT_PRODUCTS_DIR; };
		7F4B0AD21E1F83D700A69845 /* unitTestTests.swift */ = {isa = PBXFileReference; lastKnownFileType = sourcecode.swift; path = unitTestTests.swift; sourceTree = "<group>"; };
		7F4B0AD41E1F83D700A69845 /* Info.plist */ = {isa = PBXFileReference; lastKnownFileType = text.plist.xml; path = Info.plist; sourceTree = "<group>"; };
		7F4B0ADD1E1F840D00A69845 /* ViewController.swift */ = {isa = PBXFileReference; fileEncoding = 4; lastKnownFileType = sourcecode.swift; path = ViewController.swift; sourceTree = "<group>"; };
/* End PBXFileReference section */

/* Begin PBXFrameworksBuildPhase section */
		7F4B0AB71E1F83D700A69845 /* Frameworks */ = {
			isa = PBXFrameworksBuildPhase;
			buildActionMask = 2147483647;
			files = (
			);
			runOnlyForDeploymentPostprocessing = 0;
		};
		7F4B0ACB1E1F83D700A69845 /* Frameworks */ = {
			isa = PBXFrameworksBuildPhase;
			buildActionMask = 2147483647;
			files = (
			);
			runOnlyForDeploymentPostprocessing = 0;
		};
/* End PBXFrameworksBuildPhase section */

/* Begin PBXGroup section */
		7F4B0AB11E1F83D700A69845 = {
			isa = PBXGroup;
			children = (
				7F4B0ABC1E1F83D700A69845 /* unitTest */,
				7F4B0AD11E1F83D700A69845 /* unitTestTests */,
				7F4B0ABB1E1F83D700A69845 /* Products */,
			);
			sourceTree = "<group>";
		};
		7F4B0ABB1E1F83D700A69845 /* Products */ = {
			isa = PBXGroup;
			children = (
				7F4B0ABA1E1F83D700A69845 /* unitTest.app */,
				7F4B0ACE1E1F83D700A69845 /* unitTestTests.xctest */,
			);
			name = Products;
			sourceTree = "<group>";
		};
		7F4B0ABC1E1F83D700A69845 /* unitTest */ = {
			isa = PBXGroup;
			children = (
				7F4B0ABD1E1F83D700A69845 /* AppDelegate.swift */,
				7F4B0ABF1E1F83D700A69845 /* ViewController.swift */,
				7F4B0AC11E1F83D700A69845 /* Main.storyboard */,
				7F4B0AC41E1F83D700A69845 /* Assets.xcassets */,
				7F4B0AC61E1F83D700A69845 /* LaunchScreen.storyboard */,
				7F4B0AC91E1F83D700A69845 /* Info.plist */,
			);
			path = unitTest;
			sourceTree = "<group>";
		};
		7F4B0AD11E1F83D700A69845 /* unitTestTests */ = {
			isa = PBXGroup;
			children = (
				7F4B0AD21E1F83D700A69845 /* unitTestTests.swift */,
				7F4B0AD41E1F83D700A69845 /* Info.plist */,
				7F4B0ADD1E1F840D00A69845 /* ViewController.swift */,
			);
			path = unitTestTests;
			sourceTree = "<group>";
		};
/* End PBXGroup section */

/* Begin PBXNativeTarget section */
		7F4B0AB91E1F83D700A69845 /* unitTest */ = {
			isa = PBXNativeTarget;
			buildConfigurationList = 7F4B0AD71E1F83D700A69845 /* Build configuration list for PBXNativeTarget "unitTest" */;
			buildPhases = (
				7F4B0AB61E1F83D700A69845 /* Sources */,
				7F4B0AB71E1F83D700A69845 /* Frameworks */,
				7F4B0AB81E1F83D700A69845 /* Resources */,
			);
			buildRules = (
			);
			dependencies = (
			);
			name = unitTest;
			productName = unitTest;
			productReference = 7F4B0ABA1E1F83D700A69845 /* unitTest.app */;
			productType = "com.apple.product-type.application";
		};
		7F4B0ACD1E1F83D700A69845 /* unitTestTests */ = {
			isa = PBXNativeTarget;
			buildConfigurationList = 7F4B0ADA1E1F83D700A69845 /* Build configuration list for PBXNativeTarget "unitTestTests" */;
			buildPhases = (
				7F4B0ACA1E1F83D700A69845 /* Sources */,
				7F4B0ACB1E1F83D700A69845 /* Frameworks */,
				7F4B0ACC1E1F83D700A69845 /* Resources */,
			);
			buildRules = (
			);
			dependencies = (
				7F4B0AD01E1F83D700A69845 /* PBXTargetDependency */,
			);
			name = unitTestTests;
			productName = unitTestTests;
			productReference = 7F4B0ACE1E1F83D700A69845 /* unitTestTests.xctest */;
			productType = "com.apple.product-type.bundle.unit-test";
		};
/* End PBXNativeTarget section */

/* Begin PBXProject section */
		7F4B0AB21E1F83D700A69845 /* Project object */ = {
			isa = PBXProject;
			attributes = {
				LastSwiftUpdateCheck = 0810;
				LastUpgradeCheck = 0810;
				ORGANIZATIONNAME = "Tacademy-Mac";
				TargetAttributes = {
					7F4B0AB91E1F83D700A69845 = {
						CreatedOnToolsVersion = 8.1;
						ProvisioningStyle = Automatic;
					};
					7F4B0ACD1E1F83D700A69845 = {
						CreatedOnToolsVersion = 8.1;
						ProvisioningStyle = Automatic;
						TestTargetID = 7F4B0AB91E1F83D700A69845;
					};
				};
			};
			buildConfigurationList = 7F4B0AB51E1F83D700A69845 /* Build configuration list for PBXProject "unitTest" */;
			compatibilityVersion = "Xcode 3.2";
			developmentRegion = English;
			hasScannedForEncodings = 0;
			knownRegions = (
				en,
				Base,
			);
			mainGroup = 7F4B0AB11E1F83D700A69845;
			productRefGroup = 7F4B0ABB1E1F83D700A69845 /* Products */;
			projectDirPath = "";
			projectRoot = "";
			targets = (
				7F4B0AB91E1F83D700A69845 /* unitTest */,
				7F4B0ACD1E1F83D700A69845 /* unitTestTests */,
			);
		};
/* End PBXProject section */

/* Begin PBXResourcesBuildPhase section */
		7F4B0AB81E1F83D700A69845 /* Resources */ = {
			isa = PBXResourcesBuildPhase;
			buildActionMask = 2147483647;
			files = (
				7F4B0AC81E1F83D700A69845 /* LaunchScreen.storyboard in Resources */,
				7F4B0AC51E1F83D700A69845 /* Assets.xcassets in Resources */,
				7F4B0AC31E1F83D700A69845 /* Main.storyboard in Resources */,
			);
			runOnlyForDeploymentPostprocessing = 0;
		};
		7F4B0ACC1E1F83D700A69845 /* Resources */ = {
			isa = PBXResourcesBuildPhase;
			buildActionMask = 2147483647;
			files = (
			);
			runOnlyForDeploymentPostprocessing = 0;
		};
/* End PBXResourcesBuildPhase section */

/* Begin PBXSourcesBuildPhase section */
		7F4B0AB61E1F83D700A69845 /* Sources */ = {
			isa = PBXSourcesBuildPhase;
			buildActionMask = 2147483647;
			files = (
				7F4B0AC01E1F83D700A69845 /* ViewController.swift in Sources */,
				7F4B0ABE1E1F83D700A69845 /* AppDelegate.swift in Sources */,
			);
			runOnlyForDeploymentPostprocessing = 0;
		};
		7F4B0ACA1E1F83D700A69845 /* Sources */ = {
			isa = PBXSourcesBuildPhase;
			buildActionMask = 2147483647;
			files = (
				7F4B0ADE1E1F840D00A69845 /* ViewController.swift in Sources */,
				7F4B0AD31E1F83D700A69845 /* unitTestTests.swift in Sources */,
			);
			runOnlyForDeploymentPostprocessing = 0;
		};
/* End PBXSourcesBuildPhase section */

/* Begin PBXTargetDependency section */
		7F4B0AD01E1F83D700A69845 /* PBXTargetDependency */ = {
			isa = PBXTargetDependency;
			target = 7F4B0AB91E1F83D700A69845 /* unitTest */;
			targetProxy = 7F4B0ACF1E1F83D700A69845 /* PBXContainerItemProxy */;
		};
/* End PBXTargetDependency section */

/* Begin PBXVariantGroup section */
		7F4B0AC11E1F83D700A69845 /* Main.storyboard */ = {
			isa = PBXVariantGroup;
			children = (
				7F4B0AC21E1F83D700A69845 /* Base */,
			);
			name = Main.storyboard;
			sourceTree = "<group>";
		};
		7F4B0AC61E1F83D700A69845 /* LaunchScreen.storyboard */ = {
			isa = PBXVariantGroup;
			children = (
				7F4B0AC71E1F83D700A69845 /* Base */,
			);
			name = LaunchScreen.storyboard;
			sourceTree = "<group>";
		};
/* End PBXVariantGroup section */

/* Begin XCBuildConfiguration section */
		7F4B0AD51E1F83D700A69845 /* Debug */ = {
			isa = XCBuildConfiguration;
			buildSettings = {
				ALWAYS_SEARCH_USER_PATHS = NO;
				CLANG_ANALYZER_NONNULL = YES;
				CLANG_CXX_LANGUAGE_STANDARD = "gnu++0x";
				CLANG_CXX_LIBRARY = "libc++";
				CLANG_ENABLE_MODULES = YES;
				CLANG_ENABLE_OBJC_ARC = YES;
				CLANG_WARN_BOOL_CONVERSION = YES;
				CLANG_WARN_CONSTANT_CONVERSION = YES;
				CLANG_WARN_DIRECT_OBJC_ISA_USAGE = YES_ERROR;
				CLANG_WARN_DOCUMENTATION_COMMENTS = YES;
				CLANG_WARN_EMPTY_BODY = YES;
				CLANG_WARN_ENUM_CONVERSION = YES;
				CLANG_WARN_INFINITE_RECURSION = YES;
				CLANG_WARN_INT_CONVERSION = YES;
				CLANG_WARN_OBJC_ROOT_CLASS = YES_ERROR;
				CLANG_WARN_SUSPICIOUS_MOVES = YES;
				CLANG_WARN_UNREACHABLE_CODE = YES;
				CLANG_WARN__DUPLICATE_METHOD_MATCH = YES;
				"CODE_SIGN_IDENTITY[sdk=iphoneos*]" = "iPhone Developer";
				COPY_PHASE_STRIP = NO;
				DEBUG_INFORMATION_FORMAT = dwarf;
				ENABLE_STRICT_OBJC_MSGSEND = YES;
				ENABLE_TESTABILITY = YES;
				GCC_C_LANGUAGE_STANDARD = gnu99;
				GCC_DYNAMIC_NO_PIC = NO;
				GCC_NO_COMMON_BLOCKS = YES;
				GCC_OPTIMIZATION_LEVEL = 0;
				GCC_PREPROCESSOR_DEFINITIONS = (
					"DEBUG=1",
					"$(inherited)",
				);
				GCC_WARN_64_TO_32_BIT_CONVERSION = YES;
				GCC_WARN_ABOUT_RETURN_TYPE = YES_ERROR;
				GCC_WARN_UNDECLARED_SELECTOR = YES;
				GCC_WARN_UNINITIALIZED_AUTOS = YES_AGGRESSIVE;
				GCC_WARN_UNUSED_FUNCTION = YES;
				GCC_WARN_UNUSED_VARIABLE = YES;
				IPHONEOS_DEPLOYMENT_TARGET = 10.1;
				MTL_ENABLE_DEBUG_INFO = YES;
				ONLY_ACTIVE_ARCH = YES;
				SDKROOT = iphoneos;
				SWIFT_ACTIVE_COMPILATION_CONDITIONS = DEBUG;
				SWIFT_OPTIMIZATION_LEVEL = "-Onone";
				TARGETED_DEVICE_FAMILY = "1,2";
			};
			name = Debug;
		};
		7F4B0AD61E1F83D700A69845 /* Release */ = {
			isa = XCBuildConfiguration;
			buildSettings = {
				ALWAYS_SEARCH_USER_PATHS = NO;
				CLANG_ANALYZER_NONNULL = YES;
				CLANG_CXX_LANGUAGE_STANDARD = "gnu++0x";
				CLANG_CXX_LIBRARY = "libc++";
				CLANG_ENABLE_MODULES = YES;
				CLANG_ENABLE_OBJC_ARC = YES;
				CLANG_WARN_BOOL_CONVERSION = YES;
				CLANG_WARN_CONSTANT_CONVERSION = YES;
				CLANG_WARN_DIRECT_OBJC_ISA_USAGE = YES_ERROR;
				CLANG_WARN_DOCUMENTATION_COMMENTS = YES;
				CLANG_WARN_EMPTY_BODY = YES;
				CLANG_WARN_ENUM_CONVERSION = YES;
				CLANG_WARN_INFINITE_RECURSION = YES;
				CLANG_WARN_INT_CONVERSION = YES;
				CLANG_WARN_OBJC_ROOT_CLASS = YES_ERROR;
				CLANG_WARN_SUSPICIOUS_MOVES = YES;
				CLANG_WARN_UNREACHABLE_CODE = YES;
				CLANG_WARN__DUPLICATE_METHOD_MATCH = YES;
				"CODE_SIGN_IDENTITY[sdk=iphoneos*]" = "iPhone Developer";
				COPY_PHASE_STRIP = NO;
				DEBUG_INFORMATION_FORMAT = "dwarf-with-dsym";
				ENABLE_NS_ASSERTIONS = NO;
				ENABLE_STRICT_OBJC_MSGSEND = YES;
				GCC_C_LANGUAGE_STANDARD = gnu99;
				GCC_NO_COMMON_BLOCKS = YES;
				GCC_WARN_64_TO_32_BIT_CONVERSION = YES;
				GCC_WARN_ABOUT_RETURN_TYPE = YES_ERROR;
				GCC_WARN_UNDECLARED_SELECTOR = YES;
				GCC_WARN_UNINITIALIZED_AUTOS = YES_AGGRESSIVE;
				GCC_WARN_UNUSED_FUNCTION = YES;
				GCC_WARN_UNUSED_VARIABLE = YES;
				IPHONEOS_DEPLOYMENT_TARGET = 10.1;
				MTL_ENABLE_DEBUG_INFO = NO;
				SDKROOT = iphoneos;
				SWIFT_OPTIMIZATION_LEVEL = "-Owholemodule";
				TARGETED_DEVICE_FAMILY = "1,2";
				VALIDATE_PRODUCT = YES;
			};
			name = Release;
		};
		7F4B0AD81E1F83D700A69845 /* Debug */ = {
			isa = XCBuildConfiguration;
			buildSettings = {
				ASSETCATALOG_COMPILER_APPICON_NAME = AppIcon;
				INFOPLIST_FILE = unitTest/Info.plist;
				LD_RUNPATH_SEARCH_PATHS = "$(inherited) @executable_path/Frameworks";
				PRODUCT_BUNDLE_IDENTIFIER = com.tacademy.ios.unitTest;
				PRODUCT_NAME = "$(TARGET_NAME)";
				SWIFT_VERSION = 3.0;
			};
			name = Debug;
		};
		7F4B0AD91E1F83D700A69845 /* Release */ = {
			isa = XCBuildConfiguration;
			buildSettings = {
				ASSETCATALOG_COMPILER_APPICON_NAME = AppIcon;
				INFOPLIST_FILE = unitTest/Info.plist;
				LD_RUNPATH_SEARCH_PATHS = "$(inherited) @executable_path/Frameworks";
				PRODUCT_BUNDLE_IDENTIFIER = com.tacademy.ios.unitTest;
				PRODUCT_NAME = "$(TARGET_NAME)";
				SWIFT_VERSION = 3.0;
			};
			name = Release;
		};
		7F4B0ADB1E1F83D700A69845 /* Debug */ = {
			isa = XCBuildConfiguration;
			buildSettings = {
				ALWAYS_EMBED_SWIFT_STANDARD_LIBRARIES = YES;
				BUNDLE_LOADER = "$(TEST_HOST)";
				INFOPLIST_FILE = unitTestTests/Info.plist;
				LD_RUNPATH_SEARCH_PATHS = "$(inherited) @executable_path/Frameworks @loader_path/Frameworks";
				PRODUCT_BUNDLE_IDENTIFIER = com.tacademy.ios.unitTestTests;
				PRODUCT_NAME = "$(TARGET_NAME)";
				SWIFT_VERSION = 3.0;
				TEST_HOST = "$(BUILT_PRODUCTS_DIR)/unitTest.app/unitTest";
			};
			name = Debug;
		};
		7F4B0ADC1E1F83D700A69845 /* Release */ = {
			isa = XCBuildConfiguration;
			buildSettings = {
				ALWAYS_EMBED_SWIFT_STANDARD_LIBRARIES = YES;
				BUNDLE_LOADER = "$(TEST_HOST)";
				INFOPLIST_FILE = unitTestTests/Info.plist;
				LD_RUNPATH_SEARCH_PATHS = "$(inherited) @executable_path/Frameworks @loader_path/Frameworks";
				PRODUCT_BUNDLE_IDENTIFIER = com.tacademy.ios.unitTestTests;
				PRODUCT_NAME = "$(TARGET_NAME)";
				SWIFT_VERSION = 3.0;
				TEST_HOST = "$(BUILT_PRODUCTS_DIR)/unitTest.app/unitTest";
			};
			name = Release;
		};
/* End XCBuildConfiguration section */

/* Begin XCConfigurationList section */
		7F4B0AB51E1F83D700A69845 /* Build configuration list for PBXProject "unitTest" */ = {
			isa = XCConfigurationList;
			buildConfigurations = (
				7F4B0AD51E1F83D700A69845 /* Debug */,
				7F4B0AD61E1F83D700A69845 /* Release */,
			);
			defaultConfigurationIsVisible = 0;
			defaultConfigurationName = Release;
		};
		7F4B0AD71E1F83D700A69845 /* Build configuration list for PBXNativeTarget "unitTest" */ = {
			isa = XCConfigurationList;
			buildConfigurations = (
				7F4B0AD81E1F83D700A69845 /* Debug */,
				7F4B0AD91E1F83D700A69845 /* Release */,
			);
			defaultConfigurationIsVisible = 0;
		};
		7F4B0ADA1E1F83D700A69845 /* Build configuration list for PBXNativeTarget "unitTestTests" */ = {
			isa = XCConfigurationList;
			buildConfigurations = (
				7F4B0ADB1E1F83D700A69845 /* Debug */,
				7F4B0ADC1E1F83D700A69845 /* Release */,
			);
			defaultConfigurationIsVisible = 0;
		};
/* End XCConfigurationList section */
	};
	rootObject = 7F4B0AB21E1F83D700A69845 /* Project object */;
}
